// !$*UTF8*$!
{
	archiveVersion = 1;
	classes = {
	};
	objectVersion = 56;
	objects = {

/* Begin PBXBuildFile section */
		8B047FBC8C3908D5162A7ECF /* Pods_ProjectDemo_ProjectDemoUITests.framework in Frameworks */ = {isa = PBXBuildFile; fileRef = E66425718DE70C25207D3697 /* Pods_ProjectDemo_ProjectDemoUITests.framework */; };
		9568556678545669739CAD7C /* Pods_ProjectDemoTests.framework in Frameworks */ = {isa = PBXBuildFile; fileRef = 3D77847C48124E4D73065CD3 /* Pods_ProjectDemoTests.framework */; };
		AD659C5CDA3F6E0E1AA14878 /* Pods_ProjectDemo.framework in Frameworks */ = {isa = PBXBuildFile; fileRef = 261C13B2E7A436398E31E97B /* Pods_ProjectDemo.framework */; };
		B22856872CCAA02500526C6F /* Assets.xcassets in Resources */ = {isa = PBXBuildFile; fileRef = B22856862CCAA02500526C6F /* Assets.xcassets */; };
		B228568A2CCAA02500526C6F /* Base in Resources */ = {isa = PBXBuildFile; fileRef = B22856892CCAA02500526C6F /* Base */; };
		B22856952CCAA02500526C6F /* ProjectDemoTests.swift in Sources */ = {isa = PBXBuildFile; fileRef = B22856942CCAA02500526C6F /* ProjectDemoTests.swift */; };
		B228569F2CCAA02500526C6F /* ProjectDemoUITests.swift in Sources */ = {isa = PBXBuildFile; fileRef = B228569E2CCAA02500526C6F /* ProjectDemoUITests.swift */; };
		B22856A12CCAA02500526C6F /* ProjectDemoUITestsLaunchTests.swift in Sources */ = {isa = PBXBuildFile; fileRef = B22856A02CCAA02500526C6F /* ProjectDemoUITestsLaunchTests.swift */; };
		B22856C12CCAAD9000526C6F /* Strings.swift in Sources */ = {isa = PBXBuildFile; fileRef = B22856C02CCAAD9000526C6F /* Strings.swift */; };
		B22856C42CCAADDD00526C6F /* Localizable.strings in Resources */ = {isa = PBXBuildFile; fileRef = B22856C22CCAADDD00526C6F /* Localizable.strings */; };
		B23A51562CCAFAFB00888EE4 /* Splash.json in Resources */ = {isa = PBXBuildFile; fileRef = B23A51552CCAFAFB00888EE4 /* Splash.json */; };
		B2EDE10B2CCB796E00903694 /* AppDelegate.swift in Sources */ = {isa = PBXBuildFile; fileRef = B2EDE10A2CCB796E00903694 /* AppDelegate.swift */; };
		B2EDE10D2CCB797F00903694 /* SplashViewController.swift in Sources */ = {isa = PBXBuildFile; fileRef = B2EDE10C2CCB797F00903694 /* SplashViewController.swift */; };
		B2EDE1122CCB79C900903694 /* MainViewController.xib in Resources */ = {isa = PBXBuildFile; fileRef = B2EDE1112CCB79C900903694 /* MainViewController.xib */; };
		B2EDE1132CCB79C900903694 /* MainViewController.swift in Sources */ = {isa = PBXBuildFile; fileRef = B2EDE1102CCB79C900903694 /* MainViewController.swift */; };
/* End PBXBuildFile section */

/* Begin PBXContainerItemProxy section */
		B22856912CCAA02500526C6F /* PBXContainerItemProxy */ = {
			isa = PBXContainerItemProxy;
			containerPortal = B22856722CCAA02400526C6F /* Project object */;
			proxyType = 1;
			remoteGlobalIDString = B22856792CCAA02400526C6F;
			remoteInfo = ProjectDemo;
		};
		B228569B2CCAA02500526C6F /* PBXContainerItemProxy */ = {
			isa = PBXContainerItemProxy;
			containerPortal = B22856722CCAA02400526C6F /* Project object */;
			proxyType = 1;
			remoteGlobalIDString = B22856792CCAA02400526C6F;
			remoteInfo = ProjectDemo;
		};
/* End PBXContainerItemProxy section */

/* Begin PBXFileReference section */
		2521596A0702A2BE411FCA96 /* Pods-ProjectDemo.debug.xcconfig */ = {isa = PBXFileReference; includeInIndex = 1; lastKnownFileType = text.xcconfig; name = "Pods-ProjectDemo.debug.xcconfig"; path = "Target Support Files/Pods-ProjectDemo/Pods-ProjectDemo.debug.xcconfig"; sourceTree = "<group>"; };
		261C13B2E7A436398E31E97B /* Pods_ProjectDemo.framework */ = {isa = PBXFileReference; explicitFileType = wrapper.framework; includeInIndex = 0; path = Pods_ProjectDemo.framework; sourceTree = BUILT_PRODUCTS_DIR; };
		31E886C041FFC04E88E10267 /* Pods-ProjectDemoTests.release.xcconfig */ = {isa = PBXFileReference; includeInIndex = 1; lastKnownFileType = text.xcconfig; name = "Pods-ProjectDemoTests.release.xcconfig"; path = "Target Support Files/Pods-ProjectDemoTests/Pods-ProjectDemoTests.release.xcconfig"; sourceTree = "<group>"; };
		3D77847C48124E4D73065CD3 /* Pods_ProjectDemoTests.framework */ = {isa = PBXFileReference; explicitFileType = wrapper.framework; includeInIndex = 0; path = Pods_ProjectDemoTests.framework; sourceTree = BUILT_PRODUCTS_DIR; };
		8A3D6B156C7FCC8FCE70A0EF /* Pods-ProjectDemo-ProjectDemoUITests.release.xcconfig */ = {isa = PBXFileReference; includeInIndex = 1; lastKnownFileType = text.xcconfig; name = "Pods-ProjectDemo-ProjectDemoUITests.release.xcconfig"; path = "Target Support Files/Pods-ProjectDemo-ProjectDemoUITests/Pods-ProjectDemo-ProjectDemoUITests.release.xcconfig"; sourceTree = "<group>"; };
		A99088ABD8B7DF1E37277FEA /* Pods-ProjectDemo.release.xcconfig */ = {isa = PBXFileReference; includeInIndex = 1; lastKnownFileType = text.xcconfig; name = "Pods-ProjectDemo.release.xcconfig"; path = "Target Support Files/Pods-ProjectDemo/Pods-ProjectDemo.release.xcconfig"; sourceTree = "<group>"; };
		B228567A2CCAA02400526C6F /* ProjectDemo.app */ = {isa = PBXFileReference; explicitFileType = wrapper.application; includeInIndex = 0; path = ProjectDemo.app; sourceTree = BUILT_PRODUCTS_DIR; };
		B22856862CCAA02500526C6F /* Assets.xcassets */ = {isa = PBXFileReference; lastKnownFileType = folder.assetcatalog; name = Assets.xcassets; path = ../Assets.xcassets; sourceTree = "<group>"; };
		B22856892CCAA02500526C6F /* Base */ = {isa = PBXFileReference; lastKnownFileType = file.storyboard; name = Base; path = Base.lproj/LaunchScreen.storyboard; sourceTree = "<group>"; };
		B228568B2CCAA02500526C6F /* Info.plist */ = {isa = PBXFileReference; lastKnownFileType = text.plist.xml; path = Info.plist; sourceTree = "<group>"; };
		B22856902CCAA02500526C6F /* ProjectDemoTests.xctest */ = {isa = PBXFileReference; explicitFileType = wrapper.cfbundle; includeInIndex = 0; path = ProjectDemoTests.xctest; sourceTree = BUILT_PRODUCTS_DIR; };
		B22856942CCAA02500526C6F /* ProjectDemoTests.swift */ = {isa = PBXFileReference; lastKnownFileType = sourcecode.swift; path = ProjectDemoTests.swift; sourceTree = "<group>"; };
		B228569A2CCAA02500526C6F /* ProjectDemoUITests.xctest */ = {isa = PBXFileReference; explicitFileType = wrapper.cfbundle; includeInIndex = 0; path = ProjectDemoUITests.xctest; sourceTree = BUILT_PRODUCTS_DIR; };
		B228569E2CCAA02500526C6F /* ProjectDemoUITests.swift */ = {isa = PBXFileReference; lastKnownFileType = sourcecode.swift; path = ProjectDemoUITests.swift; sourceTree = "<group>"; };
		B22856A02CCAA02500526C6F /* ProjectDemoUITestsLaunchTests.swift */ = {isa = PBXFileReference; lastKnownFileType = sourcecode.swift; path = ProjectDemoUITestsLaunchTests.swift; sourceTree = "<group>"; };
		B22856C02CCAAD9000526C6F /* Strings.swift */ = {isa = PBXFileReference; lastKnownFileType = sourcecode.swift; path = Strings.swift; sourceTree = "<group>"; };
		B22856C32CCAADDD00526C6F /* vi */ = {isa = PBXFileReference; lastKnownFileType = text.plist.strings; name = vi; path = vi.lproj/Localizable.strings; sourceTree = "<group>"; };
		B22856C52CCAADE500526C6F /* en */ = {isa = PBXFileReference; lastKnownFileType = text.plist.strings; name = en; path = en.lproj/Localizable.strings; sourceTree = "<group>"; };
		B22856D92CCAAF6300526C6F /* ProjectDemo-Debug.plist */ = {isa = PBXFileReference; lastKnownFileType = text.plist.xml; name = "ProjectDemo-Debug.plist"; path = "/Users/hung/Documents/Interview/ProjectDemoInterview/ProjectDemo-Debug.plist"; sourceTree = "<absolute>"; };
		B23A51552CCAFAFB00888EE4 /* Splash.json */ = {isa = PBXFileReference; fileEncoding = 4; lastKnownFileType = text.json; path = Splash.json; sourceTree = "<group>"; };
		B2EDE10A2CCB796E00903694 /* AppDelegate.swift */ = {isa = PBXFileReference; fileEncoding = 4; lastKnownFileType = sourcecode.swift; path = AppDelegate.swift; sourceTree = "<group>"; };
		B2EDE10C2CCB797F00903694 /* SplashViewController.swift */ = {isa = PBXFileReference; fileEncoding = 4; lastKnownFileType = sourcecode.swift; path = SplashViewController.swift; sourceTree = "<group>"; };
		B2EDE1102CCB79C900903694 /* MainViewController.swift */ = {isa = PBXFileReference; lastKnownFileType = sourcecode.swift; path = MainViewController.swift; sourceTree = "<group>"; };
		B2EDE1112CCB79C900903694 /* MainViewController.xib */ = {isa = PBXFileReference; lastKnownFileType = file.xib; path = MainViewController.xib; sourceTree = "<group>"; };
		CB58A8D9317F4D2B696D0E73 /* Pods-ProjectDemo-ProjectDemoUITests.debug.xcconfig */ = {isa = PBXFileReference; includeInIndex = 1; lastKnownFileType = text.xcconfig; name = "Pods-ProjectDemo-ProjectDemoUITests.debug.xcconfig"; path = "Target Support Files/Pods-ProjectDemo-ProjectDemoUITests/Pods-ProjectDemo-ProjectDemoUITests.debug.xcconfig"; sourceTree = "<group>"; };
		DEA0D7F2448390FA48A678FB /* Pods-ProjectDemoTests.debug.xcconfig */ = {isa = PBXFileReference; includeInIndex = 1; lastKnownFileType = text.xcconfig; name = "Pods-ProjectDemoTests.debug.xcconfig"; path = "Target Support Files/Pods-ProjectDemoTests/Pods-ProjectDemoTests.debug.xcconfig"; sourceTree = "<group>"; };
		E66425718DE70C25207D3697 /* Pods_ProjectDemo_ProjectDemoUITests.framework */ = {isa = PBXFileReference; explicitFileType = wrapper.framework; includeInIndex = 0; path = Pods_ProjectDemo_ProjectDemoUITests.framework; sourceTree = BUILT_PRODUCTS_DIR; };
/* End PBXFileReference section */

/* Begin PBXFrameworksBuildPhase section */
		B22856772CCAA02400526C6F /* Frameworks */ = {
			isa = PBXFrameworksBuildPhase;
			buildActionMask = 2147483647;
			files = (
				AD659C5CDA3F6E0E1AA14878 /* Pods_ProjectDemo.framework in Frameworks */,
			);
			runOnlyForDeploymentPostprocessing = 0;
		};
		B228568D2CCAA02500526C6F /* Frameworks */ = {
			isa = PBXFrameworksBuildPhase;
			buildActionMask = 2147483647;
			files = (
				9568556678545669739CAD7C /* Pods_ProjectDemoTests.framework in Frameworks */,
			);
			runOnlyForDeploymentPostprocessing = 0;
		};
		B22856972CCAA02500526C6F /* Frameworks */ = {
			isa = PBXFrameworksBuildPhase;
			buildActionMask = 2147483647;
			files = (
				8B047FBC8C3908D5162A7ECF /* Pods_ProjectDemo_ProjectDemoUITests.framework in Frameworks */,
			);
			runOnlyForDeploymentPostprocessing = 0;
		};
/* End PBXFrameworksBuildPhase section */

/* Begin PBXGroup section */
		B22856712CCAA02400526C6F = {
			isa = PBXGroup;
			children = (
				B228567C2CCAA02400526C6F /* ProjectDemo */,
				B22856932CCAA02500526C6F /* ProjectDemoTests */,
				B228569D2CCAA02500526C6F /* ProjectDemoUITests */,
				B228567B2CCAA02400526C6F /* Products */,
				CABA6DC5C23707CE04C7CCB7 /* Pods */,
				D403C813E4673B0B430A3C7E /* Frameworks */,
			);
			sourceTree = "<group>";
		};
		B228567B2CCAA02400526C6F /* Products */ = {
			isa = PBXGroup;
			children = (
				B228567A2CCAA02400526C6F /* ProjectDemo.app */,
				B22856902CCAA02500526C6F /* ProjectDemoTests.xctest */,
				B228569A2CCAA02500526C6F /* ProjectDemoUITests.xctest */,
			);
			name = Products;
			sourceTree = "<group>";
		};
		B228567C2CCAA02400526C6F /* ProjectDemo */ = {
			isa = PBXGroup;
			children = (
				B23A514C2CCAE8F700888EE4 /* Application */,
				B23A514B2CCAE8F700888EE4 /* UI */,
				B22856BF2CCAAD6500526C6F /* Generated */,
				B22856B32CCAA93200526C6F /* Constant */,
				B22856B22CCAA92E00526C6F /* Utils */,
				B22856B12CCAA92800526C6F /* Services */,
				B22856B02CCAA92000526C6F /* Resources */,
			);
			path = ProjectDemo;
			sourceTree = "<group>";
		};
		B22856932CCAA02500526C6F /* ProjectDemoTests */ = {
			isa = PBXGroup;
			children = (
				B22856942CCAA02500526C6F /* ProjectDemoTests.swift */,
			);
			path = ProjectDemoTests;
			sourceTree = "<group>";
		};
		B228569D2CCAA02500526C6F /* ProjectDemoUITests */ = {
			isa = PBXGroup;
			children = (
				B228569E2CCAA02500526C6F /* ProjectDemoUITests.swift */,
				B22856A02CCAA02500526C6F /* ProjectDemoUITestsLaunchTests.swift */,
			);
			path = ProjectDemoUITests;
			sourceTree = "<group>";
		};
		B22856B02CCAA92000526C6F /* Resources */ = {
			isa = PBXGroup;
			children = (
				B23A514D2CCAEBCB00888EE4 /* Animations */,
				B22856862CCAA02500526C6F /* Assets.xcassets */,
				B228568B2CCAA02500526C6F /* Info.plist */,
				B22856D92CCAAF6300526C6F /* ProjectDemo-Debug.plist */,
				B22856C22CCAADDD00526C6F /* Localizable.strings */,
			);
			path = Resources;
			sourceTree = "<group>";
		};
		B22856B12CCAA92800526C6F /* Services */ = {
			isa = PBXGroup;
			children = (
			);
			path = Services;
			sourceTree = "<group>";
		};
		B22856B22CCAA92E00526C6F /* Utils */ = {
			isa = PBXGroup;
			children = (
			);
			path = Utils;
			sourceTree = "<group>";
		};
		B22856B32CCAA93200526C6F /* Constant */ = {
			isa = PBXGroup;
			children = (
			);
			path = Constant;
			sourceTree = "<group>";
		};
		B22856BF2CCAAD6500526C6F /* Generated */ = {
			isa = PBXGroup;
			children = (
				B22856C02CCAAD9000526C6F /* Strings.swift */,
			);
			path = Generated;
			sourceTree = "<group>";
		};
		B23A514B2CCAE8F700888EE4 /* UI */ = {
			isa = PBXGroup;
			children = (
				B2EDE1172CCB7F6D00903694 /* Settings */,
				B2EDE1162CCB7F6400903694 /* Main */,
			);
			path = UI;
			sourceTree = "<group>";
		};
		B23A514C2CCAE8F700888EE4 /* Application */ = {
			isa = PBXGroup;
			children = (
				B2EDE10A2CCB796E00903694 /* AppDelegate.swift */,
				B22856882CCAA02500526C6F /* LaunchScreen.storyboard */,
				B2EDE10C2CCB797F00903694 /* SplashViewController.swift */,
			);
			path = Application;
			sourceTree = "<group>";
		};
		B23A514D2CCAEBCB00888EE4 /* Animations */ = {
			isa = PBXGroup;
			children = (
				B23A51552CCAFAFB00888EE4 /* Splash.json */,
			);
			path = Animations;
			sourceTree = "<group>";
		};
		B2EDE1162CCB7F6400903694 /* Main */ = {
			isa = PBXGroup;
			children = (
				B2EDE1102CCB79C900903694 /* MainViewController.swift */,
				B2EDE1112CCB79C900903694 /* MainViewController.xib */,
			);
			path = Main;
			sourceTree = "<group>";
		};
		B2EDE1172CCB7F6D00903694 /* Settings */ = {
			isa = PBXGroup;
			children = (
			);
			path = Settings;
			sourceTree = "<group>";
		};
		CABA6DC5C23707CE04C7CCB7 /* Pods */ = {
			isa = PBXGroup;
			children = (
				2521596A0702A2BE411FCA96 /* Pods-ProjectDemo.debug.xcconfig */,
				A99088ABD8B7DF1E37277FEA /* Pods-ProjectDemo.release.xcconfig */,
				CB58A8D9317F4D2B696D0E73 /* Pods-ProjectDemo-ProjectDemoUITests.debug.xcconfig */,
				8A3D6B156C7FCC8FCE70A0EF /* Pods-ProjectDemo-ProjectDemoUITests.release.xcconfig */,
				DEA0D7F2448390FA48A678FB /* Pods-ProjectDemoTests.debug.xcconfig */,
				31E886C041FFC04E88E10267 /* Pods-ProjectDemoTests.release.xcconfig */,
			);
			path = Pods;
			sourceTree = "<group>";
		};
		D403C813E4673B0B430A3C7E /* Frameworks */ = {
			isa = PBXGroup;
			children = (
				261C13B2E7A436398E31E97B /* Pods_ProjectDemo.framework */,
				E66425718DE70C25207D3697 /* Pods_ProjectDemo_ProjectDemoUITests.framework */,
				3D77847C48124E4D73065CD3 /* Pods_ProjectDemoTests.framework */,
			);
			name = Frameworks;
			sourceTree = "<group>";
		};
/* End PBXGroup section */

/* Begin PBXNativeTarget section */
		B22856792CCAA02400526C6F /* ProjectDemo */ = {
			isa = PBXNativeTarget;
			buildConfigurationList = B22856A42CCAA02500526C6F /* Build configuration list for PBXNativeTarget "ProjectDemo" */;
			buildPhases = (
				0D2380334DB6677EF896F527 /* [CP] Check Pods Manifest.lock */,
				B22856762CCAA02400526C6F /* Sources */,
				B22856772CCAA02400526C6F /* Frameworks */,
				B22856782CCAA02400526C6F /* Resources */,
				B22856AD2CCAA42A00526C6F /* Swiftlint */,
				B22856B82CCAAB6300526C6F /* SwiftGen */,
				E9BA8583F9366E8548BDAC97 /* [CP] Embed Pods Frameworks */,
			);
			buildRules = (
			);
			dependencies = (
			);
			name = ProjectDemo;
			productName = ProjectDemo;
			productReference = B228567A2CCAA02400526C6F /* ProjectDemo.app */;
			productType = "com.apple.product-type.application";
		};
		B228568F2CCAA02500526C6F /* ProjectDemoTests */ = {
			isa = PBXNativeTarget;
			buildConfigurationList = B22856A72CCAA02500526C6F /* Build configuration list for PBXNativeTarget "ProjectDemoTests" */;
			buildPhases = (
				4AF824C7D330FAE512ADEBDC /* [CP] Check Pods Manifest.lock */,
				B228568C2CCAA02500526C6F /* Sources */,
				B228568D2CCAA02500526C6F /* Frameworks */,
				B228568E2CCAA02500526C6F /* Resources */,
			);
			buildRules = (
			);
			dependencies = (
				B22856922CCAA02500526C6F /* PBXTargetDependency */,
			);
			name = ProjectDemoTests;
			productName = ProjectDemoTests;
			productReference = B22856902CCAA02500526C6F /* ProjectDemoTests.xctest */;
			productType = "com.apple.product-type.bundle.unit-test";
		};
		B22856992CCAA02500526C6F /* ProjectDemoUITests */ = {
			isa = PBXNativeTarget;
			buildConfigurationList = B22856AA2CCAA02500526C6F /* Build configuration list for PBXNativeTarget "ProjectDemoUITests" */;
			buildPhases = (
				837F7BB00DF7D828162982D4 /* [CP] Check Pods Manifest.lock */,
				B22856962CCAA02500526C6F /* Sources */,
				B22856972CCAA02500526C6F /* Frameworks */,
				B22856982CCAA02500526C6F /* Resources */,
				5304192FD745B0D0592A86E8 /* [CP] Embed Pods Frameworks */,
			);
			buildRules = (
			);
			dependencies = (
				B228569C2CCAA02500526C6F /* PBXTargetDependency */,
			);
			name = ProjectDemoUITests;
			productName = ProjectDemoUITests;
			productReference = B228569A2CCAA02500526C6F /* ProjectDemoUITests.xctest */;
			productType = "com.apple.product-type.bundle.ui-testing";
		};
/* End PBXNativeTarget section */

/* Begin PBXProject section */
		B22856722CCAA02400526C6F /* Project object */ = {
			isa = PBXProject;
			attributes = {
				BuildIndependentTargetsInParallel = 1;
				LastSwiftUpdateCheck = 1540;
				LastUpgradeCheck = 1540;
				TargetAttributes = {
					B22856792CCAA02400526C6F = {
						CreatedOnToolsVersion = 15.4;
					};
					B228568F2CCAA02500526C6F = {
						CreatedOnToolsVersion = 15.4;
						TestTargetID = B22856792CCAA02400526C6F;
					};
					B22856992CCAA02500526C6F = {
						CreatedOnToolsVersion = 15.4;
						TestTargetID = B22856792CCAA02400526C6F;
					};
				};
			};
			buildConfigurationList = B22856752CCAA02400526C6F /* Build configuration list for PBXProject "ProjectDemo" */;
			compatibilityVersion = "Xcode 14.0";
			developmentRegion = vi;
			hasScannedForEncodings = 0;
			knownRegions = (
				en,
				Base,
				vi,
			);
			mainGroup = B22856712CCAA02400526C6F;
			productRefGroup = B228567B2CCAA02400526C6F /* Products */;
			projectDirPath = "";
			projectRoot = "";
			targets = (
				B22856792CCAA02400526C6F /* ProjectDemo */,
				B228568F2CCAA02500526C6F /* ProjectDemoTests */,
				B22856992CCAA02500526C6F /* ProjectDemoUITests */,
			);
		};
/* End PBXProject section */

/* Begin PBXResourcesBuildPhase section */
		B22856782CCAA02400526C6F /* Resources */ = {
			isa = PBXResourcesBuildPhase;
			buildActionMask = 2147483647;
			files = (
				B22856C42CCAADDD00526C6F /* Localizable.strings in Resources */,
				B2EDE1122CCB79C900903694 /* MainViewController.xib in Resources */,
				B22856872CCAA02500526C6F /* Assets.xcassets in Resources */,
				B23A51562CCAFAFB00888EE4 /* Splash.json in Resources */,
				B228568A2CCAA02500526C6F /* Base in Resources */,
			);
			runOnlyForDeploymentPostprocessing = 0;
		};
		B228568E2CCAA02500526C6F /* Resources */ = {
			isa = PBXResourcesBuildPhase;
			buildActionMask = 2147483647;
			files = (
			);
			runOnlyForDeploymentPostprocessing = 0;
		};
		B22856982CCAA02500526C6F /* Resources */ = {
			isa = PBXResourcesBuildPhase;
			buildActionMask = 2147483647;
			files = (
			);
			runOnlyForDeploymentPostprocessing = 0;
		};
/* End PBXResourcesBuildPhase section */

/* Begin PBXShellScriptBuildPhase section */
		0D2380334DB6677EF896F527 /* [CP] Check Pods Manifest.lock */ = {
			isa = PBXShellScriptBuildPhase;
			buildActionMask = 2147483647;
			files = (
			);
			inputFileListPaths = (
			);
			inputPaths = (
				"${PODS_PODFILE_DIR_PATH}/Podfile.lock",
				"${PODS_ROOT}/Manifest.lock",
			);
			name = "[CP] Check Pods Manifest.lock";
			outputFileListPaths = (
			);
			outputPaths = (
				"$(DERIVED_FILE_DIR)/Pods-ProjectDemo-checkManifestLockResult.txt",
			);
			runOnlyForDeploymentPostprocessing = 0;
			shellPath = /bin/sh;
			shellScript = "diff \"${PODS_PODFILE_DIR_PATH}/Podfile.lock\" \"${PODS_ROOT}/Manifest.lock\" > /dev/null\nif [ $? != 0 ] ; then\n    # print error to STDERR\n    echo \"error: The sandbox is not in sync with the Podfile.lock. Run 'pod install' or update your CocoaPods installation.\" >&2\n    exit 1\nfi\n# This output is used by Xcode 'outputs' to avoid re-running this script phase.\necho \"SUCCESS\" > \"${SCRIPT_OUTPUT_FILE_0}\"\n";
			showEnvVarsInLog = 0;
		};
		4AF824C7D330FAE512ADEBDC /* [CP] Check Pods Manifest.lock */ = {
			isa = PBXShellScriptBuildPhase;
			buildActionMask = 2147483647;
			files = (
			);
			inputFileListPaths = (
			);
			inputPaths = (
				"${PODS_PODFILE_DIR_PATH}/Podfile.lock",
				"${PODS_ROOT}/Manifest.lock",
			);
			name = "[CP] Check Pods Manifest.lock";
			outputFileListPaths = (
			);
			outputPaths = (
				"$(DERIVED_FILE_DIR)/Pods-ProjectDemoTests-checkManifestLockResult.txt",
			);
			runOnlyForDeploymentPostprocessing = 0;
			shellPath = /bin/sh;
			shellScript = "diff \"${PODS_PODFILE_DIR_PATH}/Podfile.lock\" \"${PODS_ROOT}/Manifest.lock\" > /dev/null\nif [ $? != 0 ] ; then\n    # print error to STDERR\n    echo \"error: The sandbox is not in sync with the Podfile.lock. Run 'pod install' or update your CocoaPods installation.\" >&2\n    exit 1\nfi\n# This output is used by Xcode 'outputs' to avoid re-running this script phase.\necho \"SUCCESS\" > \"${SCRIPT_OUTPUT_FILE_0}\"\n";
			showEnvVarsInLog = 0;
		};
		5304192FD745B0D0592A86E8 /* [CP] Embed Pods Frameworks */ = {
			isa = PBXShellScriptBuildPhase;
			buildActionMask = 2147483647;
			files = (
			);
			inputFileListPaths = (
				"${PODS_ROOT}/Target Support Files/Pods-ProjectDemo-ProjectDemoUITests/Pods-ProjectDemo-ProjectDemoUITests-frameworks-${CONFIGURATION}-input-files.xcfilelist",
			);
			name = "[CP] Embed Pods Frameworks";
			outputFileListPaths = (
				"${PODS_ROOT}/Target Support Files/Pods-ProjectDemo-ProjectDemoUITests/Pods-ProjectDemo-ProjectDemoUITests-frameworks-${CONFIGURATION}-output-files.xcfilelist",
			);
			runOnlyForDeploymentPostprocessing = 0;
			shellPath = /bin/sh;
			shellScript = "\"${PODS_ROOT}/Target Support Files/Pods-ProjectDemo-ProjectDemoUITests/Pods-ProjectDemo-ProjectDemoUITests-frameworks.sh\"\n";
			showEnvVarsInLog = 0;
		};
		837F7BB00DF7D828162982D4 /* [CP] Check Pods Manifest.lock */ = {
			isa = PBXShellScriptBuildPhase;
			buildActionMask = 2147483647;
			files = (
			);
			inputFileListPaths = (
			);
			inputPaths = (
				"${PODS_PODFILE_DIR_PATH}/Podfile.lock",
				"${PODS_ROOT}/Manifest.lock",
			);
			name = "[CP] Check Pods Manifest.lock";
			outputFileListPaths = (
			);
			outputPaths = (
				"$(DERIVED_FILE_DIR)/Pods-ProjectDemo-ProjectDemoUITests-checkManifestLockResult.txt",
			);
			runOnlyForDeploymentPostprocessing = 0;
			shellPath = /bin/sh;
			shellScript = "diff \"${PODS_PODFILE_DIR_PATH}/Podfile.lock\" \"${PODS_ROOT}/Manifest.lock\" > /dev/null\nif [ $? != 0 ] ; then\n    # print error to STDERR\n    echo \"error: The sandbox is not in sync with the Podfile.lock. Run 'pod install' or update your CocoaPods installation.\" >&2\n    exit 1\nfi\n# This output is used by Xcode 'outputs' to avoid re-running this script phase.\necho \"SUCCESS\" > \"${SCRIPT_OUTPUT_FILE_0}\"\n";
			showEnvVarsInLog = 0;
		};
		B22856AD2CCAA42A00526C6F /* Swiftlint */ = {
			isa = PBXShellScriptBuildPhase;
			alwaysOutOfDate = 1;
			buildActionMask = 2147483647;
			files = (
			);
			inputFileListPaths = (
			);
			inputPaths = (
			);
			name = Swiftlint;
			outputFileListPaths = (
			);
			outputPaths = (
			);
			runOnlyForDeploymentPostprocessing = 0;
			shellPath = /bin/sh;
			shellScript = "if test -d \"/opt/homebrew/bin/\"; then\n  PATH=\"/opt/homebrew/bin/:${PATH}\"\nfi\n\nexport PATH\n\nif which swiftlint >/dev/null; then\n  swiftlint\nelse\n  echo \"warning: SwiftLint not installed, download from https://github.com/realm/SwiftLint\"\nfi\n";
		};
		B22856B82CCAAB6300526C6F /* SwiftGen */ = {
			isa = PBXShellScriptBuildPhase;
			buildActionMask = 2147483647;
			files = (
			);
			inputFileListPaths = (
			);
			inputPaths = (
				"$(SRCROOT)/ProjectDemo/Resources/en.lproj",
			);
			name = SwiftGen;
			outputFileListPaths = (
			);
			outputPaths = (
				"$(SRCROOT)/Generated/Strings.swift",
			);
			runOnlyForDeploymentPostprocessing = 0;
			shellPath = /bin/sh;
			shellScript = "if [[ -f \"${PODS_ROOT}/SwiftGen/bin/swiftgen\" ]]; then\n  \"${PODS_ROOT}/SwiftGen/bin/swiftgen\"\nelse\n  echo \"warning: SwiftGen is not installed. Run 'pod install --repo-update' to install it.\"\nfi\n";
		};
		E9BA8583F9366E8548BDAC97 /* [CP] Embed Pods Frameworks */ = {
			isa = PBXShellScriptBuildPhase;
			buildActionMask = 2147483647;
			files = (
			);
			inputFileListPaths = (
				"${PODS_ROOT}/Target Support Files/Pods-ProjectDemo/Pods-ProjectDemo-frameworks-${CONFIGURATION}-input-files.xcfilelist",
			);
			name = "[CP] Embed Pods Frameworks";
			outputFileListPaths = (
				"${PODS_ROOT}/Target Support Files/Pods-ProjectDemo/Pods-ProjectDemo-frameworks-${CONFIGURATION}-output-files.xcfilelist",
			);
			runOnlyForDeploymentPostprocessing = 0;
			shellPath = /bin/sh;
			shellScript = "\"${PODS_ROOT}/Target Support Files/Pods-ProjectDemo/Pods-ProjectDemo-frameworks.sh\"\n";
			showEnvVarsInLog = 0;
		};
/* End PBXShellScriptBuildPhase section */

/* Begin PBXSourcesBuildPhase section */
		B22856762CCAA02400526C6F /* Sources */ = {
			isa = PBXSourcesBuildPhase;
			buildActionMask = 2147483647;
			files = (
				B2EDE10B2CCB796E00903694 /* AppDelegate.swift in Sources */,
				B22856C12CCAAD9000526C6F /* Strings.swift in Sources */,
				B2EDE10D2CCB797F00903694 /* SplashViewController.swift in Sources */,
				B2EDE1132CCB79C900903694 /* MainViewController.swift in Sources */,
			);
			runOnlyForDeploymentPostprocessing = 0;
		};
		B228568C2CCAA02500526C6F /* Sources */ = {
			isa = PBXSourcesBuildPhase;
			buildActionMask = 2147483647;
			files = (
				B22856952CCAA02500526C6F /* ProjectDemoTests.swift in Sources */,
			);
			runOnlyForDeploymentPostprocessing = 0;
		};
		B22856962CCAA02500526C6F /* Sources */ = {
			isa = PBXSourcesBuildPhase;
			buildActionMask = 2147483647;
			files = (
				B228569F2CCAA02500526C6F /* ProjectDemoUITests.swift in Sources */,
				B22856A12CCAA02500526C6F /* ProjectDemoUITestsLaunchTests.swift in Sources */,
			);
			runOnlyForDeploymentPostprocessing = 0;
		};
/* End PBXSourcesBuildPhase section */

/* Begin PBXTargetDependency section */
		B22856922CCAA02500526C6F /* PBXTargetDependency */ = {
			isa = PBXTargetDependency;
			target = B22856792CCAA02400526C6F /* ProjectDemo */;
			targetProxy = B22856912CCAA02500526C6F /* PBXContainerItemProxy */;
		};
		B228569C2CCAA02500526C6F /* PBXTargetDependency */ = {
			isa = PBXTargetDependency;
			target = B22856792CCAA02400526C6F /* ProjectDemo */;
			targetProxy = B228569B2CCAA02500526C6F /* PBXContainerItemProxy */;
		};
/* End PBXTargetDependency section */

/* Begin PBXVariantGroup section */
		B22856882CCAA02500526C6F /* LaunchScreen.storyboard */ = {
			isa = PBXVariantGroup;
			children = (
				B22856892CCAA02500526C6F /* Base */,
			);
			name = LaunchScreen.storyboard;
			sourceTree = "<group>";
		};
		B22856C22CCAADDD00526C6F /* Localizable.strings */ = {
			isa = PBXVariantGroup;
			children = (
				B22856C32CCAADDD00526C6F /* vi */,
				B22856C52CCAADE500526C6F /* en */,
			);
			name = Localizable.strings;
			sourceTree = "<group>";
		};
/* End PBXVariantGroup section */

/* Begin XCBuildConfiguration section */
		B22856A22CCAA02500526C6F /* Debug */ = {
			isa = XCBuildConfiguration;
			buildSettings = {
				ALWAYS_SEARCH_USER_PATHS = NO;
				ASSETCATALOG_COMPILER_GENERATE_SWIFT_ASSET_SYMBOL_EXTENSIONS = YES;
				CLANG_ANALYZER_LOCALIZABILITY_NONLOCALIZED = YES;
				CLANG_ANALYZER_NONNULL = YES;
				CLANG_ANALYZER_NUMBER_OBJECT_CONVERSION = YES_AGGRESSIVE;
				CLANG_CXX_LANGUAGE_STANDARD = "gnu++20";
				CLANG_ENABLE_MODULES = YES;
				CLANG_ENABLE_OBJC_ARC = YES;
				CLANG_ENABLE_OBJC_WEAK = YES;
				CLANG_WARN_BLOCK_CAPTURE_AUTORELEASING = YES;
				CLANG_WARN_BOOL_CONVERSION = YES;
				CLANG_WARN_COMMA = YES;
				CLANG_WARN_CONSTANT_CONVERSION = YES;
				CLANG_WARN_DEPRECATED_OBJC_IMPLEMENTATIONS = YES;
				CLANG_WARN_DIRECT_OBJC_ISA_USAGE = YES_ERROR;
				CLANG_WARN_DOCUMENTATION_COMMENTS = YES;
				CLANG_WARN_EMPTY_BODY = YES;
				CLANG_WARN_ENUM_CONVERSION = YES;
				CLANG_WARN_INFINITE_RECURSION = YES;
				CLANG_WARN_INT_CONVERSION = YES;
				CLANG_WARN_NON_LITERAL_NULL_CONVERSION = YES;
				CLANG_WARN_OBJC_IMPLICIT_RETAIN_SELF = YES;
				CLANG_WARN_OBJC_LITERAL_CONVERSION = YES;
				CLANG_WARN_OBJC_ROOT_CLASS = YES_ERROR;
				CLANG_WARN_QUOTED_INCLUDE_IN_FRAMEWORK_HEADER = YES;
				CLANG_WARN_RANGE_LOOP_ANALYSIS = YES;
				CLANG_WARN_STRICT_PROTOTYPES = YES;
				CLANG_WARN_SUSPICIOUS_MOVE = YES;
				CLANG_WARN_UNGUARDED_AVAILABILITY = YES_AGGRESSIVE;
				CLANG_WARN_UNREACHABLE_CODE = YES;
				CLANG_WARN__DUPLICATE_METHOD_MATCH = YES;
				COPY_PHASE_STRIP = NO;
				DEBUG_INFORMATION_FORMAT = dwarf;
				ENABLE_STRICT_OBJC_MSGSEND = YES;
				ENABLE_TESTABILITY = YES;
				ENABLE_USER_SCRIPT_SANDBOXING = YES;
				GCC_C_LANGUAGE_STANDARD = gnu17;
				GCC_DYNAMIC_NO_PIC = NO;
				GCC_NO_COMMON_BLOCKS = YES;
				GCC_OPTIMIZATION_LEVEL = 0;
				GCC_PREPROCESSOR_DEFINITIONS = (
					"DEBUG=1",
					"$(inherited)",
				);
				GCC_WARN_64_TO_32_BIT_CONVERSION = YES;
				GCC_WARN_ABOUT_RETURN_TYPE = YES_ERROR;
				GCC_WARN_UNDECLARED_SELECTOR = YES;
				GCC_WARN_UNINITIALIZED_AUTOS = YES_AGGRESSIVE;
				GCC_WARN_UNUSED_FUNCTION = YES;
				GCC_WARN_UNUSED_VARIABLE = YES;
				IPHONEOS_DEPLOYMENT_TARGET = 14.0;
				LOCALIZATION_PREFERS_STRING_CATALOGS = YES;
				MTL_ENABLE_DEBUG_INFO = INCLUDE_SOURCE;
				MTL_FAST_MATH = YES;
				ONLY_ACTIVE_ARCH = YES;
				SDKROOT = iphoneos;
				SWIFT_ACTIVE_COMPILATION_CONDITIONS = "DEBUG $(inherited)";
				SWIFT_OPTIMIZATION_LEVEL = "-Onone";
			};
			name = Debug;
		};
		B22856A32CCAA02500526C6F /* Release */ = {
			isa = XCBuildConfiguration;
			buildSettings = {
				ALWAYS_SEARCH_USER_PATHS = NO;
				ASSETCATALOG_COMPILER_GENERATE_SWIFT_ASSET_SYMBOL_EXTENSIONS = YES;
				CLANG_ANALYZER_LOCALIZABILITY_NONLOCALIZED = YES;
				CLANG_ANALYZER_NONNULL = YES;
				CLANG_ANALYZER_NUMBER_OBJECT_CONVERSION = YES_AGGRESSIVE;
				CLANG_CXX_LANGUAGE_STANDARD = "gnu++20";
				CLANG_ENABLE_MODULES = YES;
				CLANG_ENABLE_OBJC_ARC = YES;
				CLANG_ENABLE_OBJC_WEAK = YES;
				CLANG_WARN_BLOCK_CAPTURE_AUTORELEASING = YES;
				CLANG_WARN_BOOL_CONVERSION = YES;
				CLANG_WARN_COMMA = YES;
				CLANG_WARN_CONSTANT_CONVERSION = YES;
				CLANG_WARN_DEPRECATED_OBJC_IMPLEMENTATIONS = YES;
				CLANG_WARN_DIRECT_OBJC_ISA_USAGE = YES_ERROR;
				CLANG_WARN_DOCUMENTATION_COMMENTS = YES;
				CLANG_WARN_EMPTY_BODY = YES;
				CLANG_WARN_ENUM_CONVERSION = YES;
				CLANG_WARN_INFINITE_RECURSION = YES;
				CLANG_WARN_INT_CONVERSION = YES;
				CLANG_WARN_NON_LITERAL_NULL_CONVERSION = YES;
				CLANG_WARN_OBJC_IMPLICIT_RETAIN_SELF = YES;
				CLANG_WARN_OBJC_LITERAL_CONVERSION = YES;
				CLANG_WARN_OBJC_ROOT_CLASS = YES_ERROR;
				CLANG_WARN_QUOTED_INCLUDE_IN_FRAMEWORK_HEADER = YES;
				CLANG_WARN_RANGE_LOOP_ANALYSIS = YES;
				CLANG_WARN_STRICT_PROTOTYPES = YES;
				CLANG_WARN_SUSPICIOUS_MOVE = YES;
				CLANG_WARN_UNGUARDED_AVAILABILITY = YES_AGGRESSIVE;
				CLANG_WARN_UNREACHABLE_CODE = YES;
				CLANG_WARN__DUPLICATE_METHOD_MATCH = YES;
				COPY_PHASE_STRIP = NO;
				DEBUG_INFORMATION_FORMAT = "dwarf-with-dsym";
				ENABLE_NS_ASSERTIONS = NO;
				ENABLE_STRICT_OBJC_MSGSEND = YES;
				ENABLE_USER_SCRIPT_SANDBOXING = YES;
				GCC_C_LANGUAGE_STANDARD = gnu17;
				GCC_NO_COMMON_BLOCKS = YES;
				GCC_WARN_64_TO_32_BIT_CONVERSION = YES;
				GCC_WARN_ABOUT_RETURN_TYPE = YES_ERROR;
				GCC_WARN_UNDECLARED_SELECTOR = YES;
				GCC_WARN_UNINITIALIZED_AUTOS = YES_AGGRESSIVE;
				GCC_WARN_UNUSED_FUNCTION = YES;
				GCC_WARN_UNUSED_VARIABLE = YES;
				IPHONEOS_DEPLOYMENT_TARGET = 14.0;
				LOCALIZATION_PREFERS_STRING_CATALOGS = YES;
				MTL_ENABLE_DEBUG_INFO = NO;
				MTL_FAST_MATH = YES;
				SDKROOT = iphoneos;
				SWIFT_COMPILATION_MODE = wholemodule;
				VALIDATE_PRODUCT = YES;
			};
			name = Release;
		};
		B22856A52CCAA02500526C6F /* Debug */ = {
			isa = XCBuildConfiguration;
			baseConfigurationReference = 2521596A0702A2BE411FCA96 /* Pods-ProjectDemo.debug.xcconfig */;
			buildSettings = {
				ASSETCATALOG_COMPILER_APPICON_NAME = AppIcon;
				ASSETCATALOG_COMPILER_GLOBAL_ACCENT_COLOR_NAME = AccentColor;
				CODE_SIGN_STYLE = Automatic;
				CURRENT_PROJECT_VERSION = 1;
				DEVELOPMENT_TEAM = DUR5L9S48S;
				ENABLE_USER_SCRIPT_SANDBOXING = NO;
				GENERATE_INFOPLIST_FILE = YES;
				INFOPLIST_FILE = ProjectDemo/Info.plist;
				INFOPLIST_KEY_UIApplicationSupportsIndirectInputEvents = YES;
				INFOPLIST_KEY_UILaunchStoryboardName = LaunchScreen;
				INFOPLIST_KEY_UISupportedInterfaceOrientations_iPad = "UIInterfaceOrientationPortrait UIInterfaceOrientationPortraitUpsideDown";
				INFOPLIST_KEY_UISupportedInterfaceOrientations_iPhone = UIInterfaceOrientationPortrait;
				IPHONEOS_DEPLOYMENT_TARGET = 14.0;
				LD_RUNPATH_SEARCH_PATHS = (
					"$(inherited)",
					"@executable_path/Frameworks",
				);
				MARKETING_VERSION = 1.0;
				PRODUCT_BUNDLE_IDENTIFIER = com.manhhung.ProjectDemo;
				PRODUCT_NAME = "$(TARGET_NAME)";
				SUPPORTED_PLATFORMS = "iphoneos iphonesimulator";
				SUPPORTS_MACCATALYST = NO;
				SUPPORTS_MAC_DESIGNED_FOR_IPHONE_IPAD = NO;
				SUPPORTS_XR_DESIGNED_FOR_IPHONE_IPAD = NO;
				SWIFT_EMIT_LOC_STRINGS = YES;
				SWIFT_VERSION = 5.0;
				TARGETED_DEVICE_FAMILY = 1;
			};
			name = Debug;
		};
		B22856A62CCAA02500526C6F /* Release */ = {
			isa = XCBuildConfiguration;
			baseConfigurationReference = A99088ABD8B7DF1E37277FEA /* Pods-ProjectDemo.release.xcconfig */;
			buildSettings = {
				ASSETCATALOG_COMPILER_APPICON_NAME = AppIcon;
				ASSETCATALOG_COMPILER_GLOBAL_ACCENT_COLOR_NAME = AccentColor;
				CODE_SIGN_STYLE = Automatic;
				CURRENT_PROJECT_VERSION = 1;
				DEVELOPMENT_TEAM = DUR5L9S48S;
				ENABLE_USER_SCRIPT_SANDBOXING = NO;
				GENERATE_INFOPLIST_FILE = YES;
				INFOPLIST_FILE = ProjectDemo/Info.plist;
				INFOPLIST_KEY_UIApplicationSupportsIndirectInputEvents = YES;
				INFOPLIST_KEY_UILaunchStoryboardName = LaunchScreen;
				INFOPLIST_KEY_UISupportedInterfaceOrientations_iPad = "UIInterfaceOrientationPortrait UIInterfaceOrientationPortraitUpsideDown";
				INFOPLIST_KEY_UISupportedInterfaceOrientations_iPhone = UIInterfaceOrientationPortrait;
				IPHONEOS_DEPLOYMENT_TARGET = 14.0;
				LD_RUNPATH_SEARCH_PATHS = (
					"$(inherited)",
					"@executable_path/Frameworks",
				);
				MARKETING_VERSION = 1.0;
				PRODUCT_BUNDLE_IDENTIFIER = com.manhhung.ProjectDemo;
				PRODUCT_NAME = "$(TARGET_NAME)";
				SUPPORTED_PLATFORMS = "iphoneos iphonesimulator";
				SUPPORTS_MACCATALYST = NO;
				SUPPORTS_MAC_DESIGNED_FOR_IPHONE_IPAD = NO;
				SUPPORTS_XR_DESIGNED_FOR_IPHONE_IPAD = NO;
				SWIFT_EMIT_LOC_STRINGS = YES;
				SWIFT_VERSION = 5.0;
				TARGETED_DEVICE_FAMILY = 1;
			};
			name = Release;
		};
		B22856A82CCAA02500526C6F /* Debug */ = {
			isa = XCBuildConfiguration;
			baseConfigurationReference = DEA0D7F2448390FA48A678FB /* Pods-ProjectDemoTests.debug.xcconfig */;
			buildSettings = {
				ALWAYS_EMBED_SWIFT_STANDARD_LIBRARIES = YES;
				BUNDLE_LOADER = "$(TEST_HOST)";
				CODE_SIGN_STYLE = Automatic;
				CURRENT_PROJECT_VERSION = 1;
				DEVELOPMENT_TEAM = DUR5L9S48S;
				GENERATE_INFOPLIST_FILE = YES;
				IPHONEOS_DEPLOYMENT_TARGET = 17.5;
				MARKETING_VERSION = 1.0;
				PRODUCT_BUNDLE_IDENTIFIER = com.manhhung.ProjectDemoTests;
				PRODUCT_NAME = "$(TARGET_NAME)";
				SWIFT_EMIT_LOC_STRINGS = NO;
				SWIFT_VERSION = 5.0;
				TARGETED_DEVICE_FAMILY = "1,2";
				TEST_HOST = "$(BUILT_PRODUCTS_DIR)/ProjectDemo.app/$(BUNDLE_EXECUTABLE_FOLDER_PATH)/ProjectDemo";
			};
			name = Debug;
		};
		B22856A92CCAA02500526C6F /* Release */ = {
			isa = XCBuildConfiguration;
			baseConfigurationReference = 31E886C041FFC04E88E10267 /* Pods-ProjectDemoTests.release.xcconfig */;
			buildSettings = {
				ALWAYS_EMBED_SWIFT_STANDARD_LIBRARIES = YES;
				BUNDLE_LOADER = "$(TEST_HOST)";
				CODE_SIGN_STYLE = Automatic;
				CURRENT_PROJECT_VERSION = 1;
				DEVELOPMENT_TEAM = DUR5L9S48S;
				GENERATE_INFOPLIST_FILE = YES;
				IPHONEOS_DEPLOYMENT_TARGET = 17.5;
				MARKETING_VERSION = 1.0;
				PRODUCT_BUNDLE_IDENTIFIER = com.manhhung.ProjectDemoTests;
				PRODUCT_NAME = "$(TARGET_NAME)";
				SWIFT_EMIT_LOC_STRINGS = NO;
				SWIFT_VERSION = 5.0;
				TARGETED_DEVICE_FAMILY = "1,2";
				TEST_HOST = "$(BUILT_PRODUCTS_DIR)/ProjectDemo.app/$(BUNDLE_EXECUTABLE_FOLDER_PATH)/ProjectDemo";
			};
			name = Release;
		};
		B22856AB2CCAA02500526C6F /* Debug */ = {
			isa = XCBuildConfiguration;
			baseConfigurationReference = CB58A8D9317F4D2B696D0E73 /* Pods-ProjectDemo-ProjectDemoUITests.debug.xcconfig */;
			buildSettings = {
				ALWAYS_EMBED_SWIFT_STANDARD_LIBRARIES = YES;
				CODE_SIGN_STYLE = Automatic;
				CURRENT_PROJECT_VERSION = 1;
				DEVELOPMENT_TEAM = DUR5L9S48S;
				GENERATE_INFOPLIST_FILE = YES;
				MARKETING_VERSION = 1.0;
				PRODUCT_BUNDLE_IDENTIFIER = com.manhhung.ProjectDemoUITests;
				PRODUCT_NAME = "$(TARGET_NAME)";
				SWIFT_EMIT_LOC_STRINGS = NO;
				SWIFT_VERSION = 5.0;
				TARGETED_DEVICE_FAMILY = "1,2";
				TEST_TARGET_NAME = ProjectDemo;
			};
			name = Debug;
		};
		B22856AC2CCAA02500526C6F /* Release */ = {
			isa = XCBuildConfiguration;
			baseConfigurationReference = 8A3D6B156C7FCC8FCE70A0EF /* Pods-ProjectDemo-ProjectDemoUITests.release.xcconfig */;
			buildSettings = {
				ALWAYS_EMBED_SWIFT_STANDARD_LIBRARIES = YES;
				CODE_SIGN_STYLE = Automatic;
				CURRENT_PROJECT_VERSION = 1;
				DEVELOPMENT_TEAM = DUR5L9S48S;
				GENERATE_INFOPLIST_FILE = YES;
				MARKETING_VERSION = 1.0;
				PRODUCT_BUNDLE_IDENTIFIER = com.manhhung.ProjectDemoUITests;
				PRODUCT_NAME = "$(TARGET_NAME)";
				SWIFT_EMIT_LOC_STRINGS = NO;
				SWIFT_VERSION = 5.0;
				TARGETED_DEVICE_FAMILY = "1,2";
				TEST_TARGET_NAME = ProjectDemo;
			};
			name = Release;
		};
/* End XCBuildConfiguration section */

/* Begin XCConfigurationList section */
		B22856752CCAA02400526C6F /* Build configuration list for PBXProject "ProjectDemo" */ = {
			isa = XCConfigurationList;
			buildConfigurations = (
				B22856A22CCAA02500526C6F /* Debug */,
				B22856A32CCAA02500526C6F /* Release */,
			);
			defaultConfigurationIsVisible = 0;
			defaultConfigurationName = Release;
		};
		B22856A42CCAA02500526C6F /* Build configuration list for PBXNativeTarget "ProjectDemo" */ = {
			isa = XCConfigurationList;
			buildConfigurations = (
				B22856A52CCAA02500526C6F /* Debug */,
				B22856A62CCAA02500526C6F /* Release */,
			);
			defaultConfigurationIsVisible = 0;
			defaultConfigurationName = Release;
		};
		B22856A72CCAA02500526C6F /* Build configuration list for PBXNativeTarget "ProjectDemoTests" */ = {
			isa = XCConfigurationList;
			buildConfigurations = (
				B22856A82CCAA02500526C6F /* Debug */,
				B22856A92CCAA02500526C6F /* Release */,
			);
			defaultConfigurationIsVisible = 0;
			defaultConfigurationName = Release;
		};
		B22856AA2CCAA02500526C6F /* Build configuration list for PBXNativeTarget "ProjectDemoUITests" */ = {
			isa = XCConfigurationList;
			buildConfigurations = (
				B22856AB2CCAA02500526C6F /* Debug */,
				B22856AC2CCAA02500526C6F /* Release */,
			);
			defaultConfigurationIsVisible = 0;
			defaultConfigurationName = Release;
		};
/* End XCConfigurationList section */
	};
	rootObject = B22856722CCAA02400526C6F /* Project object */;
}
