// !$*UTF8*$!
{
	archiveVersion = 1;
	classes = {
	};
	objectVersion = 56;
	objects = {

/* Begin PBXBuildFile section */
		029C68BD6D28593C634EACF7 /* Pods_ProjectDemo.framework in Frameworks */ = {isa = PBXBuildFile; fileRef = D062A3507891B58068A67477 /* Pods_ProjectDemo.framework */; };
		AC8E48FFF203D0F92BD544AB /* Pods_ProjectDemoTests.framework in Frameworks */ = {isa = PBXBuildFile; fileRef = 349FEEB81113FAA93A35AA72 /* Pods_ProjectDemoTests.framework */; };
		B21CD7AD2CCFC4F400BAD666 /* UIKit.framework in Frameworks */ = {isa = PBXBuildFile; fileRef = B21CD7AC2CCFC4F400BAD666 /* UIKit.framework */; };
		B22856872CCAA02500526C6F /* Assets.xcassets in Resources */ = {isa = PBXBuildFile; fileRef = B22856862CCAA02500526C6F /* Assets.xcassets */; };
		B22856952CCAA02500526C6F /* ProjectDemoTests.swift in Sources */ = {isa = PBXBuildFile; fileRef = B22856942CCAA02500526C6F /* ProjectDemoTests.swift */; };
		B22856C12CCAAD9000526C6F /* Strings.swift in Sources */ = {isa = PBXBuildFile; fileRef = B22856C02CCAAD9000526C6F /* Strings.swift */; };
		B22856C42CCAADDD00526C6F /* Localizable.strings in Resources */ = {isa = PBXBuildFile; fileRef = B22856C22CCAADDD00526C6F /* Localizable.strings */; };
		B23A51562CCAFAFB00888EE4 /* Splash.json in Resources */ = {isa = PBXBuildFile; fileRef = B23A51552CCAFAFB00888EE4 /* Splash.json */; };
		B246B6642CCDF327008ADA3B /* MainViewControllerNavigator.swift in Sources */ = {isa = PBXBuildFile; fileRef = B246B6632CCDF327008ADA3B /* MainViewControllerNavigator.swift */; };
		B246B6682CCE14E1008ADA3B /* ReachabilityManager.swift in Sources */ = {isa = PBXBuildFile; fileRef = B246B6672CCE14E1008ADA3B /* ReachabilityManager.swift */; };
		B246B66A2CCE16CA008ADA3B /* NotificationCenter+Ext.swift in Sources */ = {isa = PBXBuildFile; fileRef = B246B6692CCE16CA008ADA3B /* NotificationCenter+Ext.swift */; };
		B246B66E2CCE20B6008ADA3B /* BaseViewController.swift in Sources */ = {isa = PBXBuildFile; fileRef = B246B66D2CCE20B6008ADA3B /* BaseViewController.swift */; };
		B246B6722CCE76D0008ADA3B /* MainCollectionViewCell.swift in Sources */ = {isa = PBXBuildFile; fileRef = B246B6702CCE76D0008ADA3B /* MainCollectionViewCell.swift */; };
		B246B6732CCE76D0008ADA3B /* MainCollectionViewCell.xib in Resources */ = {isa = PBXBuildFile; fileRef = B246B6712CCE76D0008ADA3B /* MainCollectionViewCell.xib */; };
		B246B6752CCE7723008ADA3B /* UICollectionView+Ext.swift in Sources */ = {isa = PBXBuildFile; fileRef = B246B6742CCE7723008ADA3B /* UICollectionView+Ext.swift */; };
		B246B6772CCEA148008ADA3B /* UIViewController+Ext.swift in Sources */ = {isa = PBXBuildFile; fileRef = B246B6762CCEA148008ADA3B /* UIViewController+Ext.swift */; };
		B246B6812CCEA9AD008ADA3B /* UIView+Ext.swift in Sources */ = {isa = PBXBuildFile; fileRef = B246B6802CCEA9AD008ADA3B /* UIView+Ext.swift */; };
		B246B6882CCEB05D008ADA3B /* LoadMoreReusableView.swift in Sources */ = {isa = PBXBuildFile; fileRef = B246B6862CCEB05D008ADA3B /* LoadMoreReusableView.swift */; };
		B246B6892CCEB05D008ADA3B /* LoadMoreReusableView.xib in Resources */ = {isa = PBXBuildFile; fileRef = B246B6872CCEB05D008ADA3B /* LoadMoreReusableView.xib */; };
		B25B2C552CD2164B00436825 /* UIImage+Ext.swift in Sources */ = {isa = PBXBuildFile; fileRef = B25B2C542CD2164B00436825 /* UIImage+Ext.swift */; };
		B25B2C5D2CD2548D00436825 /* NSAttributedString+Ext.swift in Sources */ = {isa = PBXBuildFile; fileRef = B25B2C5C2CD2548D00436825 /* NSAttributedString+Ext.swift */; };
		B25B2C5F2CD2550400436825 /* CharacterSet+Ext.swift in Sources */ = {isa = PBXBuildFile; fileRef = B25B2C5E2CD2550400436825 /* CharacterSet+Ext.swift */; };
		B25B2C612CD255A200436825 /* Bundle+Ext.swift in Sources */ = {isa = PBXBuildFile; fileRef = B25B2C602CD255A200436825 /* Bundle+Ext.swift */; };
		B25B2C642CD2693100436825 /* NetworkingServiceHelpers.swift in Sources */ = {isa = PBXBuildFile; fileRef = B25B2C632CD2693100436825 /* NetworkingServiceHelpers.swift */; };
		B25BA90B2CCCCFA3006FC2C7 /* Utils.swift in Sources */ = {isa = PBXBuildFile; fileRef = B25BA90A2CCCCFA3006FC2C7 /* Utils.swift */; };
		B25BA90D2CCCCFC2006FC2C7 /* Constants.swift in Sources */ = {isa = PBXBuildFile; fileRef = B25BA90C2CCCCFC2006FC2C7 /* Constants.swift */; };
		B25BA9102CCCD497006FC2C7 /* Windows+Ext.swift in Sources */ = {isa = PBXBuildFile; fileRef = B25BA90F2CCCD497006FC2C7 /* Windows+Ext.swift */; };
		B25BA9122CCCD9F3006FC2C7 /* TopAnimeAPIRequest.swift in Sources */ = {isa = PBXBuildFile; fileRef = B25BA9112CCCD9F3006FC2C7 /* TopAnimeAPIRequest.swift */; };
		B25BA9162CCCE586006FC2C7 /* MainViewControllerPresenter.swift in Sources */ = {isa = PBXBuildFile; fileRef = B25BA9152CCCE586006FC2C7 /* MainViewControllerPresenter.swift */; };
		B25BA9182CCCE594006FC2C7 /* MainViewControllerEntity.swift in Sources */ = {isa = PBXBuildFile; fileRef = B25BA9172CCCE594006FC2C7 /* MainViewControllerEntity.swift */; };
		B25BA91C2CCCE5BE006FC2C7 /* TopAnimeResModel.swift in Sources */ = {isa = PBXBuildFile; fileRef = B25BA91B2CCCE5BE006FC2C7 /* TopAnimeResModel.swift */; };
		B25C95132CCBAADE008BE6A6 /* NetworkingServiceProtocol.swift in Sources */ = {isa = PBXBuildFile; fileRef = B25C95122CCBAADE008BE6A6 /* NetworkingServiceProtocol.swift */; };
		B25C95152CCBAAE6008BE6A6 /* NetworkingDefinition.swift in Sources */ = {isa = PBXBuildFile; fileRef = B25C95142CCBAAE6008BE6A6 /* NetworkingDefinition.swift */; };
		B25C95172CCBAB04008BE6A6 /* NetworkingFactory.swift in Sources */ = {isa = PBXBuildFile; fileRef = B25C95162CCBAB04008BE6A6 /* NetworkingFactory.swift */; };
		B25C95202CCBB0DE008BE6A6 /* URLSessionNetworkingService.swift in Sources */ = {isa = PBXBuildFile; fileRef = B25C951F2CCBB0DE008BE6A6 /* URLSessionNetworkingService.swift */; };
		B25C95222CCBB0F4008BE6A6 /* MockNetworkingService.swift in Sources */ = {isa = PBXBuildFile; fileRef = B25C95212CCBB0F4008BE6A6 /* MockNetworkingService.swift */; };
		B25C95262CCBB2E6008BE6A6 /* BaseAPIRequest.swift in Sources */ = {isa = PBXBuildFile; fileRef = B25C95252CCBB2E6008BE6A6 /* BaseAPIRequest.swift */; };
		B2EDE10B2CCB796E00903694 /* AppDelegate.swift in Sources */ = {isa = PBXBuildFile; fileRef = B2EDE10A2CCB796E00903694 /* AppDelegate.swift */; };
		B2EDE10D2CCB797F00903694 /* SplashViewController.swift in Sources */ = {isa = PBXBuildFile; fileRef = B2EDE10C2CCB797F00903694 /* SplashViewController.swift */; };
		B2EDE1122CCB79C900903694 /* MainViewController.xib in Resources */ = {isa = PBXBuildFile; fileRef = B2EDE1112CCB79C900903694 /* MainViewController.xib */; };
		B2EDE1132CCB79C900903694 /* MainViewController.swift in Sources */ = {isa = PBXBuildFile; fileRef = B2EDE1102CCB79C900903694 /* MainViewController.swift */; };
/* End PBXBuildFile section */

/* Begin PBXContainerItemProxy section */
		B22856912CCAA02500526C6F /* PBXContainerItemProxy */ = {
			isa = PBXContainerItemProxy;
			containerPortal = B22856722CCAA02400526C6F /* Project object */;
			proxyType = 1;
			remoteGlobalIDString = B22856792CCAA02400526C6F;
			remoteInfo = ProjectDemo;
		};
/* End PBXContainerItemProxy section */

/* Begin PBXFileReference section */
		022F88A35510889B5F74AE1D /* Pods-ProjectDemoTests.debug.xcconfig */ = {isa = PBXFileReference; includeInIndex = 1; lastKnownFileType = text.xcconfig; name = "Pods-ProjectDemoTests.debug.xcconfig"; path = "Target Support Files/Pods-ProjectDemoTests/Pods-ProjectDemoTests.debug.xcconfig"; sourceTree = "<group>"; };
		340DEA3DB7B751193BF3E4C4 /* Pods-ProjectDemoTests.release.xcconfig */ = {isa = PBXFileReference; includeInIndex = 1; lastKnownFileType = text.xcconfig; name = "Pods-ProjectDemoTests.release.xcconfig"; path = "Target Support Files/Pods-ProjectDemoTests/Pods-ProjectDemoTests.release.xcconfig"; sourceTree = "<group>"; };
		349FEEB81113FAA93A35AA72 /* Pods_ProjectDemoTests.framework */ = {isa = PBXFileReference; explicitFileType = wrapper.framework; includeInIndex = 0; path = Pods_ProjectDemoTests.framework; sourceTree = BUILT_PRODUCTS_DIR; };
		B21CD7A32CCFBACA00BAD666 /* TestPlan.xctestplan */ = {isa = PBXFileReference; lastKnownFileType = text; path = TestPlan.xctestplan; sourceTree = "<group>"; };
		B21CD7A42CCFBCDD00BAD666 /* TestPlan.xctestplan */ = {isa = PBXFileReference; lastKnownFileType = text; name = TestPlan.xctestplan; path = ProjectDemo/TestPlan.xctestplan; sourceTree = SOURCE_ROOT; };
		B21CD7AC2CCFC4F400BAD666 /* UIKit.framework */ = {isa = PBXFileReference; lastKnownFileType = wrapper.framework; name = UIKit.framework; path = System/Library/Frameworks/UIKit.framework; sourceTree = SDKROOT; };
		B228567A2CCAA02400526C6F /* ProjectDemo.app */ = {isa = PBXFileReference; explicitFileType = wrapper.application; includeInIndex = 0; path = ProjectDemo.app; sourceTree = BUILT_PRODUCTS_DIR; };
		B22856862CCAA02500526C6F /* Assets.xcassets */ = {isa = PBXFileReference; lastKnownFileType = folder.assetcatalog; name = Assets.xcassets; path = ../Assets.xcassets; sourceTree = "<group>"; };
		B228568B2CCAA02500526C6F /* Info.plist */ = {isa = PBXFileReference; lastKnownFileType = text.plist.xml; path = Info.plist; sourceTree = "<group>"; };
		B22856902CCAA02500526C6F /* ProjectDemoTests.xctest */ = {isa = PBXFileReference; explicitFileType = wrapper.cfbundle; includeInIndex = 0; path = ProjectDemoTests.xctest; sourceTree = BUILT_PRODUCTS_DIR; };
		B22856942CCAA02500526C6F /* ProjectDemoTests.swift */ = {isa = PBXFileReference; lastKnownFileType = sourcecode.swift; path = ProjectDemoTests.swift; sourceTree = "<group>"; };
		B22856C02CCAAD9000526C6F /* Strings.swift */ = {isa = PBXFileReference; lastKnownFileType = sourcecode.swift; path = Strings.swift; sourceTree = "<group>"; };
		B22856C32CCAADDD00526C6F /* vi */ = {isa = PBXFileReference; lastKnownFileType = text.plist.strings; name = vi; path = vi.lproj/Localizable.strings; sourceTree = "<group>"; };
		B22856C52CCAADE500526C6F /* en */ = {isa = PBXFileReference; lastKnownFileType = text.plist.strings; name = en; path = en.lproj/Localizable.strings; sourceTree = "<group>"; };
		B22856D92CCAAF6300526C6F /* ProjectDemo-Debug.plist */ = {isa = PBXFileReference; lastKnownFileType = text.plist.xml; name = "ProjectDemo-Debug.plist"; path = "/Users/hung/Documents/Interview/ProjectDemoInterview/ProjectDemo-Debug.plist"; sourceTree = "<absolute>"; };
		B23A51552CCAFAFB00888EE4 /* Splash.json */ = {isa = PBXFileReference; fileEncoding = 4; lastKnownFileType = text.json; path = Splash.json; sourceTree = "<group>"; };
		B246B6632CCDF327008ADA3B /* MainViewControllerNavigator.swift */ = {isa = PBXFileReference; lastKnownFileType = sourcecode.swift; path = MainViewControllerNavigator.swift; sourceTree = "<group>"; };
		B246B6672CCE14E1008ADA3B /* ReachabilityManager.swift */ = {isa = PBXFileReference; lastKnownFileType = sourcecode.swift; path = ReachabilityManager.swift; sourceTree = "<group>"; };
		B246B6692CCE16CA008ADA3B /* NotificationCenter+Ext.swift */ = {isa = PBXFileReference; lastKnownFileType = sourcecode.swift; path = "NotificationCenter+Ext.swift"; sourceTree = "<group>"; };
		B246B66D2CCE20B6008ADA3B /* BaseViewController.swift */ = {isa = PBXFileReference; lastKnownFileType = sourcecode.swift; path = BaseViewController.swift; sourceTree = "<group>"; };
		B246B6702CCE76D0008ADA3B /* MainCollectionViewCell.swift */ = {isa = PBXFileReference; lastKnownFileType = sourcecode.swift; path = MainCollectionViewCell.swift; sourceTree = "<group>"; };
		B246B6712CCE76D0008ADA3B /* MainCollectionViewCell.xib */ = {isa = PBXFileReference; lastKnownFileType = file.xib; path = MainCollectionViewCell.xib; sourceTree = "<group>"; };
		B246B6742CCE7723008ADA3B /* UICollectionView+Ext.swift */ = {isa = PBXFileReference; lastKnownFileType = sourcecode.swift; path = "UICollectionView+Ext.swift"; sourceTree = "<group>"; };
		B246B6762CCEA148008ADA3B /* UIViewController+Ext.swift */ = {isa = PBXFileReference; lastKnownFileType = sourcecode.swift; path = "UIViewController+Ext.swift"; sourceTree = "<group>"; };
		B246B6802CCEA9AD008ADA3B /* UIView+Ext.swift */ = {isa = PBXFileReference; lastKnownFileType = sourcecode.swift; path = "UIView+Ext.swift"; sourceTree = "<group>"; };
		B246B6862CCEB05D008ADA3B /* LoadMoreReusableView.swift */ = {isa = PBXFileReference; lastKnownFileType = sourcecode.swift; path = LoadMoreReusableView.swift; sourceTree = "<group>"; };
		B246B6872CCEB05D008ADA3B /* LoadMoreReusableView.xib */ = {isa = PBXFileReference; lastKnownFileType = file.xib; path = LoadMoreReusableView.xib; sourceTree = "<group>"; };
		B25B2C542CD2164B00436825 /* UIImage+Ext.swift */ = {isa = PBXFileReference; lastKnownFileType = sourcecode.swift; path = "UIImage+Ext.swift"; sourceTree = "<group>"; };
		B25B2C5C2CD2548D00436825 /* NSAttributedString+Ext.swift */ = {isa = PBXFileReference; lastKnownFileType = sourcecode.swift; path = "NSAttributedString+Ext.swift"; sourceTree = "<group>"; };
		B25B2C5E2CD2550400436825 /* CharacterSet+Ext.swift */ = {isa = PBXFileReference; lastKnownFileType = sourcecode.swift; path = "CharacterSet+Ext.swift"; sourceTree = "<group>"; };
		B25B2C602CD255A200436825 /* Bundle+Ext.swift */ = {isa = PBXFileReference; lastKnownFileType = sourcecode.swift; path = "Bundle+Ext.swift"; sourceTree = "<group>"; };
		B25B2C632CD2693100436825 /* NetworkingServiceHelpers.swift */ = {isa = PBXFileReference; lastKnownFileType = sourcecode.swift; path = NetworkingServiceHelpers.swift; sourceTree = "<group>"; };
		B25BA90A2CCCCFA3006FC2C7 /* Utils.swift */ = {isa = PBXFileReference; lastKnownFileType = sourcecode.swift; path = Utils.swift; sourceTree = "<group>"; };
		B25BA90C2CCCCFC2006FC2C7 /* Constants.swift */ = {isa = PBXFileReference; lastKnownFileType = sourcecode.swift; path = Constants.swift; sourceTree = "<group>"; };
		B25BA90F2CCCD497006FC2C7 /* Windows+Ext.swift */ = {isa = PBXFileReference; lastKnownFileType = sourcecode.swift; path = "Windows+Ext.swift"; sourceTree = "<group>"; };
		B25BA9112CCCD9F3006FC2C7 /* TopAnimeAPIRequest.swift */ = {isa = PBXFileReference; lastKnownFileType = sourcecode.swift; path = TopAnimeAPIRequest.swift; sourceTree = "<group>"; };
		B25BA9152CCCE586006FC2C7 /* MainViewControllerPresenter.swift */ = {isa = PBXFileReference; lastKnownFileType = sourcecode.swift; path = MainViewControllerPresenter.swift; sourceTree = "<group>"; };
		B25BA9172CCCE594006FC2C7 /* MainViewControllerEntity.swift */ = {isa = PBXFileReference; lastKnownFileType = sourcecode.swift; path = MainViewControllerEntity.swift; sourceTree = "<group>"; };
		B25BA91B2CCCE5BE006FC2C7 /* TopAnimeResModel.swift */ = {isa = PBXFileReference; lastKnownFileType = sourcecode.swift; path = TopAnimeResModel.swift; sourceTree = "<group>"; };
		B25C95122CCBAADE008BE6A6 /* NetworkingServiceProtocol.swift */ = {isa = PBXFileReference; lastKnownFileType = sourcecode.swift; path = NetworkingServiceProtocol.swift; sourceTree = "<group>"; };
		B25C95142CCBAAE6008BE6A6 /* NetworkingDefinition.swift */ = {isa = PBXFileReference; lastKnownFileType = sourcecode.swift; path = NetworkingDefinition.swift; sourceTree = "<group>"; };
		B25C95162CCBAB04008BE6A6 /* NetworkingFactory.swift */ = {isa = PBXFileReference; lastKnownFileType = sourcecode.swift; path = NetworkingFactory.swift; sourceTree = "<group>"; };
		B25C951F2CCBB0DE008BE6A6 /* URLSessionNetworkingService.swift */ = {isa = PBXFileReference; lastKnownFileType = sourcecode.swift; path = URLSessionNetworkingService.swift; sourceTree = "<group>"; };
		B25C95212CCBB0F4008BE6A6 /* MockNetworkingService.swift */ = {isa = PBXFileReference; lastKnownFileType = sourcecode.swift; path = MockNetworkingService.swift; sourceTree = "<group>"; };
		B25C95252CCBB2E6008BE6A6 /* BaseAPIRequest.swift */ = {isa = PBXFileReference; lastKnownFileType = sourcecode.swift; path = BaseAPIRequest.swift; sourceTree = "<group>"; };
		B2EDE10A2CCB796E00903694 /* AppDelegate.swift */ = {isa = PBXFileReference; fileEncoding = 4; lastKnownFileType = sourcecode.swift; path = AppDelegate.swift; sourceTree = "<group>"; };
		B2EDE10C2CCB797F00903694 /* SplashViewController.swift */ = {isa = PBXFileReference; fileEncoding = 4; lastKnownFileType = sourcecode.swift; path = SplashViewController.swift; sourceTree = "<group>"; };
		B2EDE1102CCB79C900903694 /* MainViewController.swift */ = {isa = PBXFileReference; lastKnownFileType = sourcecode.swift; path = MainViewController.swift; sourceTree = "<group>"; };
		B2EDE1112CCB79C900903694 /* MainViewController.xib */ = {isa = PBXFileReference; lastKnownFileType = file.xib; path = MainViewController.xib; sourceTree = "<group>"; };
		D062A3507891B58068A67477 /* Pods_ProjectDemo.framework */ = {isa = PBXFileReference; explicitFileType = wrapper.framework; includeInIndex = 0; path = Pods_ProjectDemo.framework; sourceTree = BUILT_PRODUCTS_DIR; };
		DA2721BCF3D9C99770327196 /* Pods-ProjectDemo.release.xcconfig */ = {isa = PBXFileReference; includeInIndex = 1; lastKnownFileType = text.xcconfig; name = "Pods-ProjectDemo.release.xcconfig"; path = "Target Support Files/Pods-ProjectDemo/Pods-ProjectDemo.release.xcconfig"; sourceTree = "<group>"; };
		EFC9DFC023B7326CCD6E466B /* Pods-ProjectDemo.debug.xcconfig */ = {isa = PBXFileReference; includeInIndex = 1; lastKnownFileType = text.xcconfig; name = "Pods-ProjectDemo.debug.xcconfig"; path = "Target Support Files/Pods-ProjectDemo/Pods-ProjectDemo.debug.xcconfig"; sourceTree = "<group>"; };
/* End PBXFileReference section */

/* Begin PBXFrameworksBuildPhase section */
		B22856772CCAA02400526C6F /* Frameworks */ = {
			isa = PBXFrameworksBuildPhase;
			buildActionMask = 2147483647;
			files = (
				029C68BD6D28593C634EACF7 /* Pods_ProjectDemo.framework in Frameworks */,
			);
			runOnlyForDeploymentPostprocessing = 0;
		};
		B228568D2CCAA02500526C6F /* Frameworks */ = {
			isa = PBXFrameworksBuildPhase;
			buildActionMask = 2147483647;
			files = (
				B21CD7AD2CCFC4F400BAD666 /* UIKit.framework in Frameworks */,
				AC8E48FFF203D0F92BD544AB /* Pods_ProjectDemoTests.framework in Frameworks */,
			);
			runOnlyForDeploymentPostprocessing = 0;
		};
/* End PBXFrameworksBuildPhase section */

/* Begin PBXGroup section */
		8DDD7C98AF2259D547CB6D68 /* Frameworks */ = {
			isa = PBXGroup;
			children = (
				B21CD7AC2CCFC4F400BAD666 /* UIKit.framework */,
				D062A3507891B58068A67477 /* Pods_ProjectDemo.framework */,
				349FEEB81113FAA93A35AA72 /* Pods_ProjectDemoTests.framework */,
			);
			name = Frameworks;
			sourceTree = "<group>";
		};
		B22856712CCAA02400526C6F = {
			isa = PBXGroup;
			children = (
				B228567C2CCAA02400526C6F /* ProjectDemo */,
				B22856932CCAA02500526C6F /* ProjectDemoTests */,
				B228567B2CCAA02400526C6F /* Products */,
				CABA6DC5C23707CE04C7CCB7 /* Pods */,
				8DDD7C98AF2259D547CB6D68 /* Frameworks */,
			);
			sourceTree = "<group>";
		};
		B228567B2CCAA02400526C6F /* Products */ = {
			isa = PBXGroup;
			children = (
				B228567A2CCAA02400526C6F /* ProjectDemo.app */,
				B22856902CCAA02500526C6F /* ProjectDemoTests.xctest */,
			);
			name = Products;
			sourceTree = "<group>";
		};
		B228567C2CCAA02400526C6F /* ProjectDemo */ = {
			isa = PBXGroup;
			children = (
				B23A514C2CCAE8F700888EE4 /* Application */,
				B22856B12CCAA92800526C6F /* Repository */,
				B23A514B2CCAE8F700888EE4 /* UI */,
				B22856B32CCAA93200526C6F /* Constant */,
				B25C95182CCBABC0008BE6A6 /* Mock */,
				B22856BF2CCAAD6500526C6F /* Generated */,
				B22856B22CCAA92E00526C6F /* Utils */,
				B25BA90E2CCCD48A006FC2C7 /* Extensions */,
				B22856B02CCAA92000526C6F /* Resources */,
				B21CD7A32CCFBACA00BAD666 /* TestPlan.xctestplan */,
			);
			path = ProjectDemo;
			sourceTree = "<group>";
		};
		B22856932CCAA02500526C6F /* ProjectDemoTests */ = {
			isa = PBXGroup;
			children = (
				B21CD7A42CCFBCDD00BAD666 /* TestPlan.xctestplan */,
				B22856942CCAA02500526C6F /* ProjectDemoTests.swift */,
			);
			path = ProjectDemoTests;
			sourceTree = "<group>";
		};
		B22856B02CCAA92000526C6F /* Resources */ = {
			isa = PBXGroup;
			children = (
				B23A514D2CCAEBCB00888EE4 /* Animations */,
				B22856862CCAA02500526C6F /* Assets.xcassets */,
				B228568B2CCAA02500526C6F /* Info.plist */,
				B22856D92CCAAF6300526C6F /* ProjectDemo-Debug.plist */,
				B22856C22CCAADDD00526C6F /* Localizable.strings */,
			);
			path = Resources;
			sourceTree = "<group>";
		};
		B22856B12CCAA92800526C6F /* Repository */ = {
			isa = PBXGroup;
			children = (
				B25B2C622CD2692400436825 /* Helper */,
				B25BA91A2CCCE5B3006FC2C7 /* Models */,
				B25C95242CCBB27F008BE6A6 /* APIs */,
				B25C95232CCBB278008BE6A6 /* DataLayer */,
			);
			path = Repository;
			sourceTree = "<group>";
		};
		B22856B22CCAA92E00526C6F /* Utils */ = {
			isa = PBXGroup;
			children = (
				B25BA90A2CCCCFA3006FC2C7 /* Utils.swift */,
			);
			path = Utils;
			sourceTree = "<group>";
		};
		B22856B32CCAA93200526C6F /* Constant */ = {
			isa = PBXGroup;
			children = (
				B25BA90C2CCCCFC2006FC2C7 /* Constants.swift */,
			);
			path = Constant;
			sourceTree = "<group>";
		};
		B22856BF2CCAAD6500526C6F /* Generated */ = {
			isa = PBXGroup;
			children = (
				B22856C02CCAAD9000526C6F /* Strings.swift */,
			);
			path = Generated;
			sourceTree = "<group>";
		};
		B23A514B2CCAE8F700888EE4 /* UI */ = {
			isa = PBXGroup;
			children = (
				B246B66C2CCE20AD008ADA3B /* BaseVC */,
				B246B66B2CCE195D008ADA3B /* Commons */,
				B2EDE1172CCB7F6D00903694 /* Settings */,
				B2EDE1162CCB7F6400903694 /* TopAnime */,
			);
			path = UI;
			sourceTree = "<group>";
		};
		B23A514C2CCAE8F700888EE4 /* Application */ = {
			isa = PBXGroup;
			children = (
				B2EDE10A2CCB796E00903694 /* AppDelegate.swift */,
				B2EDE10C2CCB797F00903694 /* SplashViewController.swift */,
			);
			path = Application;
			sourceTree = "<group>";
		};
		B23A514D2CCAEBCB00888EE4 /* Animations */ = {
			isa = PBXGroup;
			children = (
				B23A51552CCAFAFB00888EE4 /* Splash.json */,
			);
			path = Animations;
			sourceTree = "<group>";
		};
		B246B66B2CCE195D008ADA3B /* Commons */ = {
			isa = PBXGroup;
			children = (
				B246B6862CCEB05D008ADA3B /* LoadMoreReusableView.swift */,
				B246B6872CCEB05D008ADA3B /* LoadMoreReusableView.xib */,
			);
			path = Commons;
			sourceTree = "<group>";
		};
		B246B66C2CCE20AD008ADA3B /* BaseVC */ = {
			isa = PBXGroup;
			children = (
				B246B66D2CCE20B6008ADA3B /* BaseViewController.swift */,
			);
			path = BaseVC;
			sourceTree = "<group>";
		};
		B246B66F2CCE76BE008ADA3B /* Cell */ = {
			isa = PBXGroup;
			children = (
				B246B6702CCE76D0008ADA3B /* MainCollectionViewCell.swift */,
				B246B6712CCE76D0008ADA3B /* MainCollectionViewCell.xib */,
			);
			path = Cell;
			sourceTree = "<group>";
		};
		B25B2C622CD2692400436825 /* Helper */ = {
			isa = PBXGroup;
			children = (
				B25B2C632CD2693100436825 /* NetworkingServiceHelpers.swift */,
			);
			path = Helper;
			sourceTree = "<group>";
		};
		B25BA90E2CCCD48A006FC2C7 /* Extensions */ = {
			isa = PBXGroup;
			children = (
				B25BA90F2CCCD497006FC2C7 /* Windows+Ext.swift */,
				B246B6692CCE16CA008ADA3B /* NotificationCenter+Ext.swift */,
				B246B6742CCE7723008ADA3B /* UICollectionView+Ext.swift */,
				B246B6762CCEA148008ADA3B /* UIViewController+Ext.swift */,
				B246B6802CCEA9AD008ADA3B /* UIView+Ext.swift */,
				B25B2C542CD2164B00436825 /* UIImage+Ext.swift */,
				B25B2C5C2CD2548D00436825 /* NSAttributedString+Ext.swift */,
				B25B2C5E2CD2550400436825 /* CharacterSet+Ext.swift */,
				B25B2C602CD255A200436825 /* Bundle+Ext.swift */,
			);
			path = Extensions;
			sourceTree = "<group>";
		};
		B25BA91A2CCCE5B3006FC2C7 /* Models */ = {
			isa = PBXGroup;
			children = (
				B2D7B29D2CCFC7CD00D2131E /* MainModel */,
			);
			path = Models;
			sourceTree = "<group>";
		};
		B25C95182CCBABC0008BE6A6 /* Mock */ = {
			isa = PBXGroup;
			children = (
			);
			path = Mock;
			sourceTree = "<group>";
		};
		B25C951D2CCBB07D008BE6A6 /* Networking */ = {
			isa = PBXGroup;
			children = (
				B246B6672CCE14E1008ADA3B /* ReachabilityManager.swift */,
				B25C951F2CCBB0DE008BE6A6 /* URLSessionNetworkingService.swift */,
			);
			path = Networking;
			sourceTree = "<group>";
		};
		B25C951E2CCBB082008BE6A6 /* Local */ = {
			isa = PBXGroup;
			children = (
				B25C95212CCBB0F4008BE6A6 /* MockNetworkingService.swift */,
			);
			path = Local;
			sourceTree = "<group>";
		};
		B25C95232CCBB278008BE6A6 /* DataLayer */ = {
			isa = PBXGroup;
			children = (
				B25C95142CCBAAE6008BE6A6 /* NetworkingDefinition.swift */,
				B25C95252CCBB2E6008BE6A6 /* BaseAPIRequest.swift */,
				B25C95162CCBAB04008BE6A6 /* NetworkingFactory.swift */,
				B25C95122CCBAADE008BE6A6 /* NetworkingServiceProtocol.swift */,
				B25C951E2CCBB082008BE6A6 /* Local */,
				B25C951D2CCBB07D008BE6A6 /* Networking */,
			);
			path = DataLayer;
			sourceTree = "<group>";
		};
		B25C95242CCBB27F008BE6A6 /* APIs */ = {
			isa = PBXGroup;
			children = (
				B25BA9112CCCD9F3006FC2C7 /* TopAnimeAPIRequest.swift */,
			);
			path = APIs;
			sourceTree = "<group>";
		};
		B2D7B29D2CCFC7CD00D2131E /* MainModel */ = {
			isa = PBXGroup;
			children = (
				B25BA91B2CCCE5BE006FC2C7 /* TopAnimeResModel.swift */,
			);
			path = MainModel;
			sourceTree = "<group>";
		};
		B2EDE1162CCB7F6400903694 /* TopAnime */ = {
			isa = PBXGroup;
			children = (
				B246B66F2CCE76BE008ADA3B /* Cell */,
				B2EDE1112CCB79C900903694 /* MainViewController.xib */,
				B2EDE1102CCB79C900903694 /* MainViewController.swift */,
				B25BA9152CCCE586006FC2C7 /* MainViewControllerPresenter.swift */,
				B25BA9172CCCE594006FC2C7 /* MainViewControllerEntity.swift */,
				B246B6632CCDF327008ADA3B /* MainViewControllerNavigator.swift */,
			);
			path = TopAnime;
			sourceTree = "<group>";
		};
		B2EDE1172CCB7F6D00903694 /* Settings */ = {
			isa = PBXGroup;
			children = (
			);
			path = Settings;
			sourceTree = "<group>";
		};
		CABA6DC5C23707CE04C7CCB7 /* Pods */ = {
			isa = PBXGroup;
			children = (
				EFC9DFC023B7326CCD6E466B /* Pods-ProjectDemo.debug.xcconfig */,
				DA2721BCF3D9C99770327196 /* Pods-ProjectDemo.release.xcconfig */,
				022F88A35510889B5F74AE1D /* Pods-ProjectDemoTests.debug.xcconfig */,
				340DEA3DB7B751193BF3E4C4 /* Pods-ProjectDemoTests.release.xcconfig */,
			);
			path = Pods;
			sourceTree = "<group>";
		};
/* End PBXGroup section */

/* Begin PBXNativeTarget section */
		B22856792CCAA02400526C6F /* ProjectDemo */ = {
			isa = PBXNativeTarget;
			buildConfigurationList = B22856A42CCAA02500526C6F /* Build configuration list for PBXNativeTarget "ProjectDemo" */;
			buildPhases = (
				CFFE7C6033002246D1E84EAD /* [CP] Check Pods Manifest.lock */,
				B22856762CCAA02400526C6F /* Sources */,
				B22856772CCAA02400526C6F /* Frameworks */,
				B22856782CCAA02400526C6F /* Resources */,
				B22856AD2CCAA42A00526C6F /* Swiftlint */,
				B22856B82CCAAB6300526C6F /* SwiftGen */,
				F3216F9FF5000DC548FBBD2F /* [CP] Embed Pods Frameworks */,
			);
			buildRules = (
			);
			dependencies = (
			);
			name = ProjectDemo;
			productName = ProjectDemo;
			productReference = B228567A2CCAA02400526C6F /* ProjectDemo.app */;
			productType = "com.apple.product-type.application";
		};
		B228568F2CCAA02500526C6F /* ProjectDemoTests */ = {
			isa = PBXNativeTarget;
			buildConfigurationList = B22856A72CCAA02500526C6F /* Build configuration list for PBXNativeTarget "ProjectDemoTests" */;
			buildPhases = (
				74C67D170CE2CADC77F5EBC0 /* [CP] Check Pods Manifest.lock */,
				B228568C2CCAA02500526C6F /* Sources */,
				B228568D2CCAA02500526C6F /* Frameworks */,
				B228568E2CCAA02500526C6F /* Resources */,
			);
			buildRules = (
			);
			dependencies = (
				B22856922CCAA02500526C6F /* PBXTargetDependency */,
			);
			name = ProjectDemoTests;
			productName = ProjectDemoTests;
			productReference = B22856902CCAA02500526C6F /* ProjectDemoTests.xctest */;
			productType = "com.apple.product-type.bundle.unit-test";
		};
/* End PBXNativeTarget section */

/* Begin PBXProject section */
		B22856722CCAA02400526C6F /* Project object */ = {
			isa = PBXProject;
			attributes = {
				BuildIndependentTargetsInParallel = 1;
				LastSwiftUpdateCheck = 1540;
				LastUpgradeCheck = 1540;
				TargetAttributes = {
					B22856792CCAA02400526C6F = {
						CreatedOnToolsVersion = 15.4;
					};
					B228568F2CCAA02500526C6F = {
						CreatedOnToolsVersion = 15.4;
						TestTargetID = B22856792CCAA02400526C6F;
					};
				};
			};
			buildConfigurationList = B22856752CCAA02400526C6F /* Build configuration list for PBXProject "ProjectDemo" */;
			compatibilityVersion = "Xcode 14.0";
			developmentRegion = vi;
			hasScannedForEncodings = 0;
			knownRegions = (
				en,
				Base,
				vi,
			);
			mainGroup = B22856712CCAA02400526C6F;
			productRefGroup = B228567B2CCAA02400526C6F /* Products */;
			projectDirPath = "";
			projectRoot = "";
			targets = (
				B22856792CCAA02400526C6F /* ProjectDemo */,
				B228568F2CCAA02500526C6F /* ProjectDemoTests */,
			);
		};
/* End PBXProject section */

/* Begin PBXResourcesBuildPhase section */
		B22856782CCAA02400526C6F /* Resources */ = {
			isa = PBXResourcesBuildPhase;
			buildActionMask = 2147483647;
			files = (
				B22856C42CCAADDD00526C6F /* Localizable.strings in Resources */,
				B246B6732CCE76D0008ADA3B /* MainCollectionViewCell.xib in Resources */,
				B246B6892CCEB05D008ADA3B /* LoadMoreReusableView.xib in Resources */,
				B2EDE1122CCB79C900903694 /* MainViewController.xib in Resources */,
				B22856872CCAA02500526C6F /* Assets.xcassets in Resources */,
				B23A51562CCAFAFB00888EE4 /* Splash.json in Resources */,
			);
			runOnlyForDeploymentPostprocessing = 0;
		};
		B228568E2CCAA02500526C6F /* Resources */ = {
			isa = PBXResourcesBuildPhase;
			buildActionMask = 2147483647;
			files = (
			);
			runOnlyForDeploymentPostprocessing = 0;
		};
/* End PBXResourcesBuildPhase section */

/* Begin PBXShellScriptBuildPhase section */
		74C67D170CE2CADC77F5EBC0 /* [CP] Check Pods Manifest.lock */ = {
			isa = PBXShellScriptBuildPhase;
			buildActionMask = 2147483647;
			files = (
			);
			inputFileListPaths = (
			);
			inputPaths = (
				"${PODS_PODFILE_DIR_PATH}/Podfile.lock",
				"${PODS_ROOT}/Manifest.lock",
			);
			name = "[CP] Check Pods Manifest.lock";
			outputFileListPaths = (
			);
			outputPaths = (
				"$(DERIVED_FILE_DIR)/Pods-ProjectDemoTests-checkManifestLockResult.txt",
			);
			runOnlyForDeploymentPostprocessing = 0;
			shellPath = /bin/sh;
			shellScript = "diff \"${PODS_PODFILE_DIR_PATH}/Podfile.lock\" \"${PODS_ROOT}/Manifest.lock\" > /dev/null\nif [ $? != 0 ] ; then\n    # print error to STDERR\n    echo \"error: The sandbox is not in sync with the Podfile.lock. Run 'pod install' or update your CocoaPods installation.\" >&2\n    exit 1\nfi\n# This output is used by Xcode 'outputs' to avoid re-running this script phase.\necho \"SUCCESS\" > \"${SCRIPT_OUTPUT_FILE_0}\"\n";
			showEnvVarsInLog = 0;
		};
		B22856AD2CCAA42A00526C6F /* Swiftlint */ = {
			isa = PBXShellScriptBuildPhase;
			alwaysOutOfDate = 1;
			buildActionMask = 2147483647;
			files = (
			);
			inputFileListPaths = (
			);
			inputPaths = (
			);
			name = Swiftlint;
			outputFileListPaths = (
			);
			outputPaths = (
			);
			runOnlyForDeploymentPostprocessing = 0;
			shellPath = /bin/sh;
			shellScript = "if test -d \"/opt/homebrew/bin/\"; then\n  PATH=\"/opt/homebrew/bin/:${PATH}\"\nfi\n\nexport PATH\n\nif which swiftlint >/dev/null; then\n  swiftlint\nelse\n  echo \"warning: SwiftLint not installed, download from https://github.com/realm/SwiftLint\"\nfi\n";
		};
		B22856B82CCAAB6300526C6F /* SwiftGen */ = {
			isa = PBXShellScriptBuildPhase;
			buildActionMask = 2147483647;
			files = (
			);
			inputFileListPaths = (
			);
			inputPaths = (
				"$(SRCROOT)/ProjectDemo/Resources/en.lproj",
			);
			name = SwiftGen;
			outputFileListPaths = (
			);
			outputPaths = (
				"$(SRCROOT)/Generated/Strings.swift",
			);
			runOnlyForDeploymentPostprocessing = 0;
			shellPath = /bin/sh;
			shellScript = "if [[ -f \"${PODS_ROOT}/SwiftGen/bin/swiftgen\" ]]; then\n  \"${PODS_ROOT}/SwiftGen/bin/swiftgen\"\nelse\n  echo \"warning: SwiftGen is not installed. Run 'pod install --repo-update' to install it.\"\nfi\n";
		};
		CFFE7C6033002246D1E84EAD /* [CP] Check Pods Manifest.lock */ = {
			isa = PBXShellScriptBuildPhase;
			buildActionMask = 2147483647;
			files = (
			);
			inputFileListPaths = (
			);
			inputPaths = (
				"${PODS_PODFILE_DIR_PATH}/Podfile.lock",
				"${PODS_ROOT}/Manifest.lock",
			);
			name = "[CP] Check Pods Manifest.lock";
			outputFileListPaths = (
			);
			outputPaths = (
				"$(DERIVED_FILE_DIR)/Pods-ProjectDemo-checkManifestLockResult.txt",
			);
			runOnlyForDeploymentPostprocessing = 0;
			shellPath = /bin/sh;
			shellScript = "diff \"${PODS_PODFILE_DIR_PATH}/Podfile.lock\" \"${PODS_ROOT}/Manifest.lock\" > /dev/null\nif [ $? != 0 ] ; then\n    # print error to STDERR\n    echo \"error: The sandbox is not in sync with the Podfile.lock. Run 'pod install' or update your CocoaPods installation.\" >&2\n    exit 1\nfi\n# This output is used by Xcode 'outputs' to avoid re-running this script phase.\necho \"SUCCESS\" > \"${SCRIPT_OUTPUT_FILE_0}\"\n";
			showEnvVarsInLog = 0;
		};
		F3216F9FF5000DC548FBBD2F /* [CP] Embed Pods Frameworks */ = {
			isa = PBXShellScriptBuildPhase;
			buildActionMask = 2147483647;
			files = (
			);
			inputFileListPaths = (
				"${PODS_ROOT}/Target Support Files/Pods-ProjectDemo/Pods-ProjectDemo-frameworks-${CONFIGURATION}-input-files.xcfilelist",
			);
			name = "[CP] Embed Pods Frameworks";
			outputFileListPaths = (
				"${PODS_ROOT}/Target Support Files/Pods-ProjectDemo/Pods-ProjectDemo-frameworks-${CONFIGURATION}-output-files.xcfilelist",
			);
			runOnlyForDeploymentPostprocessing = 0;
			shellPath = /bin/sh;
			shellScript = "\"${PODS_ROOT}/Target Support Files/Pods-ProjectDemo/Pods-ProjectDemo-frameworks.sh\"\n";
			showEnvVarsInLog = 0;
		};
/* End PBXShellScriptBuildPhase section */

/* Begin PBXSourcesBuildPhase section */
		B22856762CCAA02400526C6F /* Sources */ = {
			isa = PBXSourcesBuildPhase;
			buildActionMask = 2147483647;
			files = (
				B25B2C642CD2693100436825 /* NetworkingServiceHelpers.swift in Sources */,
				B2EDE10B2CCB796E00903694 /* AppDelegate.swift in Sources */,
				B25BA91C2CCCE5BE006FC2C7 /* TopAnimeResModel.swift in Sources */,
				B22856C12CCAAD9000526C6F /* Strings.swift in Sources */,
				B2EDE10D2CCB797F00903694 /* SplashViewController.swift in Sources */,
				B25BA9122CCCD9F3006FC2C7 /* TopAnimeAPIRequest.swift in Sources */,
				B246B6882CCEB05D008ADA3B /* LoadMoreReusableView.swift in Sources */,
				B246B66E2CCE20B6008ADA3B /* BaseViewController.swift in Sources */,
				B25C95202CCBB0DE008BE6A6 /* URLSessionNetworkingService.swift in Sources */,
				B246B6722CCE76D0008ADA3B /* MainCollectionViewCell.swift in Sources */,
				B25C95132CCBAADE008BE6A6 /* NetworkingServiceProtocol.swift in Sources */,
				B246B6752CCE7723008ADA3B /* UICollectionView+Ext.swift in Sources */,
				B25C95222CCBB0F4008BE6A6 /* MockNetworkingService.swift in Sources */,
				B246B66A2CCE16CA008ADA3B /* NotificationCenter+Ext.swift in Sources */,
				B25BA9162CCCE586006FC2C7 /* MainViewControllerPresenter.swift in Sources */,
				B25C95152CCBAAE6008BE6A6 /* NetworkingDefinition.swift in Sources */,
				B246B6772CCEA148008ADA3B /* UIViewController+Ext.swift in Sources */,
				B25B2C612CD255A200436825 /* Bundle+Ext.swift in Sources */,
				B25BA9182CCCE594006FC2C7 /* MainViewControllerEntity.swift in Sources */,
				B25B2C5F2CD2550400436825 /* CharacterSet+Ext.swift in Sources */,
				B246B6642CCDF327008ADA3B /* MainViewControllerNavigator.swift in Sources */,
				B25B2C5D2CD2548D00436825 /* NSAttributedString+Ext.swift in Sources */,
				B25BA90B2CCCCFA3006FC2C7 /* Utils.swift in Sources */,
				B25C95172CCBAB04008BE6A6 /* NetworkingFactory.swift in Sources */,
				B25C95262CCBB2E6008BE6A6 /* BaseAPIRequest.swift in Sources */,
				B25BA9102CCCD497006FC2C7 /* Windows+Ext.swift in Sources */,
				B246B6812CCEA9AD008ADA3B /* UIView+Ext.swift in Sources */,
				B2EDE1132CCB79C900903694 /* MainViewController.swift in Sources */,
				B25B2C552CD2164B00436825 /* UIImage+Ext.swift in Sources */,
				B246B6682CCE14E1008ADA3B /* ReachabilityManager.swift in Sources */,
				B25BA90D2CCCCFC2006FC2C7 /* Constants.swift in Sources */,
			);
			runOnlyForDeploymentPostprocessing = 0;
		};
		B228568C2CCAA02500526C6F /* Sources */ = {
			isa = PBXSourcesBuildPhase;
			buildActionMask = 2147483647;
			files = (
				B22856952CCAA02500526C6F /* ProjectDemoTests.swift in Sources */,
			);
			runOnlyForDeploymentPostprocessing = 0;
		};
/* End PBXSourcesBuildPhase section */

/* Begin PBXTargetDependency section */
		B22856922CCAA02500526C6F /* PBXTargetDependency */ = {
			isa = PBXTargetDependency;
			target = B22856792CCAA02400526C6F /* ProjectDemo */;
			targetProxy = B22856912CCAA02500526C6F /* PBXContainerItemProxy */;
		};
/* End PBXTargetDependency section */

/* Begin PBXVariantGroup section */
		B22856C22CCAADDD00526C6F /* Localizable.strings */ = {
			isa = PBXVariantGroup;
			children = (
				B22856C32CCAADDD00526C6F /* vi */,
				B22856C52CCAADE500526C6F /* en */,
			);
			name = Localizable.strings;
			sourceTree = "<group>";
		};
/* End PBXVariantGroup section */

/* Begin XCBuildConfiguration section */
		B22856A22CCAA02500526C6F /* Debug */ = {
			isa = XCBuildConfiguration;
			buildSettings = {
				ALWAYS_SEARCH_USER_PATHS = NO;
				ASSETCATALOG_COMPILER_GENERATE_SWIFT_ASSET_SYMBOL_EXTENSIONS = YES;
				CLANG_ANALYZER_LOCALIZABILITY_NONLOCALIZED = YES;
				CLANG_ANALYZER_NONNULL = YES;
				CLANG_ANALYZER_NUMBER_OBJECT_CONVERSION = YES_AGGRESSIVE;
				CLANG_CXX_LANGUAGE_STANDARD = "gnu++20";
				CLANG_ENABLE_MODULES = YES;
				CLANG_ENABLE_OBJC_ARC = YES;
				CLANG_ENABLE_OBJC_WEAK = YES;
				CLANG_WARN_BLOCK_CAPTURE_AUTORELEASING = YES;
				CLANG_WARN_BOOL_CONVERSION = YES;
				CLANG_WARN_COMMA = YES;
				CLANG_WARN_CONSTANT_CONVERSION = YES;
				CLANG_WARN_DEPRECATED_OBJC_IMPLEMENTATIONS = YES;
				CLANG_WARN_DIRECT_OBJC_ISA_USAGE = YES_ERROR;
				CLANG_WARN_DOCUMENTATION_COMMENTS = YES;
				CLANG_WARN_EMPTY_BODY = YES;
				CLANG_WARN_ENUM_CONVERSION = YES;
				CLANG_WARN_INFINITE_RECURSION = YES;
				CLANG_WARN_INT_CONVERSION = YES;
				CLANG_WARN_NON_LITERAL_NULL_CONVERSION = YES;
				CLANG_WARN_OBJC_IMPLICIT_RETAIN_SELF = YES;
				CLANG_WARN_OBJC_LITERAL_CONVERSION = YES;
				CLANG_WARN_OBJC_ROOT_CLASS = YES_ERROR;
				CLANG_WARN_QUOTED_INCLUDE_IN_FRAMEWORK_HEADER = YES;
				CLANG_WARN_RANGE_LOOP_ANALYSIS = YES;
				CLANG_WARN_STRICT_PROTOTYPES = YES;
				CLANG_WARN_SUSPICIOUS_MOVE = YES;
				CLANG_WARN_UNGUARDED_AVAILABILITY = YES_AGGRESSIVE;
				CLANG_WARN_UNREACHABLE_CODE = YES;
				CLANG_WARN__DUPLICATE_METHOD_MATCH = YES;
				COPY_PHASE_STRIP = NO;
				DEBUG_INFORMATION_FORMAT = dwarf;
				ENABLE_STRICT_OBJC_MSGSEND = YES;
				ENABLE_TESTABILITY = YES;
				ENABLE_USER_SCRIPT_SANDBOXING = YES;
				GCC_C_LANGUAGE_STANDARD = gnu17;
				GCC_DYNAMIC_NO_PIC = NO;
				GCC_NO_COMMON_BLOCKS = YES;
				GCC_OPTIMIZATION_LEVEL = 0;
				GCC_PREPROCESSOR_DEFINITIONS = (
					"DEBUG=1",
					"$(inherited)",
				);
				GCC_WARN_64_TO_32_BIT_CONVERSION = YES;
				GCC_WARN_ABOUT_RETURN_TYPE = YES_ERROR;
				GCC_WARN_UNDECLARED_SELECTOR = YES;
				GCC_WARN_UNINITIALIZED_AUTOS = YES_AGGRESSIVE;
				GCC_WARN_UNUSED_FUNCTION = YES;
				GCC_WARN_UNUSED_VARIABLE = YES;
				IPHONEOS_DEPLOYMENT_TARGET = 14.0;
				LOCALIZATION_PREFERS_STRING_CATALOGS = YES;
				MTL_ENABLE_DEBUG_INFO = INCLUDE_SOURCE;
				MTL_FAST_MATH = YES;
				ONLY_ACTIVE_ARCH = YES;
				SDKROOT = iphoneos;
				SWIFT_ACTIVE_COMPILATION_CONDITIONS = "DEBUG $(inherited)";
				SWIFT_OPTIMIZATION_LEVEL = "-Onone";
			};
			name = Debug;
		};
		B22856A32CCAA02500526C6F /* Release */ = {
			isa = XCBuildConfiguration;
			buildSettings = {
				ALWAYS_SEARCH_USER_PATHS = NO;
				ASSETCATALOG_COMPILER_GENERATE_SWIFT_ASSET_SYMBOL_EXTENSIONS = YES;
				CLANG_ANALYZER_LOCALIZABILITY_NONLOCALIZED = YES;
				CLANG_ANALYZER_NONNULL = YES;
				CLANG_ANALYZER_NUMBER_OBJECT_CONVERSION = YES_AGGRESSIVE;
				CLANG_CXX_LANGUAGE_STANDARD = "gnu++20";
				CLANG_ENABLE_MODULES = YES;
				CLANG_ENABLE_OBJC_ARC = YES;
				CLANG_ENABLE_OBJC_WEAK = YES;
				CLANG_WARN_BLOCK_CAPTURE_AUTORELEASING = YES;
				CLANG_WARN_BOOL_CONVERSION = YES;
				CLANG_WARN_COMMA = YES;
				CLANG_WARN_CONSTANT_CONVERSION = YES;
				CLANG_WARN_DEPRECATED_OBJC_IMPLEMENTATIONS = YES;
				CLANG_WARN_DIRECT_OBJC_ISA_USAGE = YES_ERROR;
				CLANG_WARN_DOCUMENTATION_COMMENTS = YES;
				CLANG_WARN_EMPTY_BODY = YES;
				CLANG_WARN_ENUM_CONVERSION = YES;
				CLANG_WARN_INFINITE_RECURSION = YES;
				CLANG_WARN_INT_CONVERSION = YES;
				CLANG_WARN_NON_LITERAL_NULL_CONVERSION = YES;
				CLANG_WARN_OBJC_IMPLICIT_RETAIN_SELF = YES;
				CLANG_WARN_OBJC_LITERAL_CONVERSION = YES;
				CLANG_WARN_OBJC_ROOT_CLASS = YES_ERROR;
				CLANG_WARN_QUOTED_INCLUDE_IN_FRAMEWORK_HEADER = YES;
				CLANG_WARN_RANGE_LOOP_ANALYSIS = YES;
				CLANG_WARN_STRICT_PROTOTYPES = YES;
				CLANG_WARN_SUSPICIOUS_MOVE = YES;
				CLANG_WARN_UNGUARDED_AVAILABILITY = YES_AGGRESSIVE;
				CLANG_WARN_UNREACHABLE_CODE = YES;
				CLANG_WARN__DUPLICATE_METHOD_MATCH = YES;
				COPY_PHASE_STRIP = NO;
				DEBUG_INFORMATION_FORMAT = "dwarf-with-dsym";
				ENABLE_NS_ASSERTIONS = NO;
				ENABLE_STRICT_OBJC_MSGSEND = YES;
				ENABLE_USER_SCRIPT_SANDBOXING = YES;
				GCC_C_LANGUAGE_STANDARD = gnu17;
				GCC_NO_COMMON_BLOCKS = YES;
				GCC_WARN_64_TO_32_BIT_CONVERSION = YES;
				GCC_WARN_ABOUT_RETURN_TYPE = YES_ERROR;
				GCC_WARN_UNDECLARED_SELECTOR = YES;
				GCC_WARN_UNINITIALIZED_AUTOS = YES_AGGRESSIVE;
				GCC_WARN_UNUSED_FUNCTION = YES;
				GCC_WARN_UNUSED_VARIABLE = YES;
				IPHONEOS_DEPLOYMENT_TARGET = 14.0;
				LOCALIZATION_PREFERS_STRING_CATALOGS = YES;
				MTL_ENABLE_DEBUG_INFO = NO;
				MTL_FAST_MATH = YES;
				SDKROOT = iphoneos;
				SWIFT_COMPILATION_MODE = wholemodule;
				VALIDATE_PRODUCT = YES;
			};
			name = Release;
		};
		B22856A52CCAA02500526C6F /* Debug */ = {
			isa = XCBuildConfiguration;
			baseConfigurationReference = EFC9DFC023B7326CCD6E466B /* Pods-ProjectDemo.debug.xcconfig */;
			buildSettings = {
				ASSETCATALOG_COMPILER_APPICON_NAME = AppIcon;
				ASSETCATALOG_COMPILER_GLOBAL_ACCENT_COLOR_NAME = AccentColor;
				CODE_SIGN_STYLE = Automatic;
				CURRENT_PROJECT_VERSION = 1;
				DEVELOPMENT_TEAM = DUR5L9S48S;
				ENABLE_USER_SCRIPT_SANDBOXING = NO;
				GENERATE_INFOPLIST_FILE = YES;
				INFOPLIST_FILE = ProjectDemo/Info.plist;
				INFOPLIST_KEY_UIApplicationSupportsIndirectInputEvents = YES;
				INFOPLIST_KEY_UILaunchStoryboardName = "";
				INFOPLIST_KEY_UISupportedInterfaceOrientations_iPad = "UIInterfaceOrientationPortrait UIInterfaceOrientationPortraitUpsideDown";
				INFOPLIST_KEY_UISupportedInterfaceOrientations_iPhone = UIInterfaceOrientationPortrait;
				IPHONEOS_DEPLOYMENT_TARGET = 14.0;
				LD_RUNPATH_SEARCH_PATHS = (
					"$(inherited)",
					"@executable_path/Frameworks",
				);
				MARKETING_VERSION = 1.0;
				PRODUCT_BUNDLE_IDENTIFIER = com.manhhung.ProjectDemo;
				PRODUCT_NAME = "$(TARGET_NAME)";
				SUPPORTED_PLATFORMS = "iphoneos iphonesimulator";
				SUPPORTS_MACCATALYST = NO;
				SUPPORTS_MAC_DESIGNED_FOR_IPHONE_IPAD = NO;
				SUPPORTS_XR_DESIGNED_FOR_IPHONE_IPAD = NO;
				SWIFT_EMIT_LOC_STRINGS = YES;
				SWIFT_VERSION = 5.0;
				TARGETED_DEVICE_FAMILY = 1;
			};
			name = Debug;
		};
		B22856A62CCAA02500526C6F /* Release */ = {
			isa = XCBuildConfiguration;
			baseConfigurationReference = DA2721BCF3D9C99770327196 /* Pods-ProjectDemo.release.xcconfig */;
			buildSettings = {
				ASSETCATALOG_COMPILER_APPICON_NAME = AppIcon;
				ASSETCATALOG_COMPILER_GLOBAL_ACCENT_COLOR_NAME = AccentColor;
				CODE_SIGN_STYLE = Automatic;
				CURRENT_PROJECT_VERSION = 1;
				DEVELOPMENT_TEAM = DUR5L9S48S;
				ENABLE_USER_SCRIPT_SANDBOXING = NO;
				GENERATE_INFOPLIST_FILE = YES;
				INFOPLIST_FILE = ProjectDemo/Info.plist;
				INFOPLIST_KEY_UIApplicationSupportsIndirectInputEvents = YES;
				INFOPLIST_KEY_UILaunchStoryboardName = "";
				INFOPLIST_KEY_UISupportedInterfaceOrientations_iPad = "UIInterfaceOrientationPortrait UIInterfaceOrientationPortraitUpsideDown";
				INFOPLIST_KEY_UISupportedInterfaceOrientations_iPhone = UIInterfaceOrientationPortrait;
				IPHONEOS_DEPLOYMENT_TARGET = 14.0;
				LD_RUNPATH_SEARCH_PATHS = (
					"$(inherited)",
					"@executable_path/Frameworks",
				);
				MARKETING_VERSION = 1.0;
				PRODUCT_BUNDLE_IDENTIFIER = com.manhhung.ProjectDemo;
				PRODUCT_NAME = "$(TARGET_NAME)";
				SUPPORTED_PLATFORMS = "iphoneos iphonesimulator";
				SUPPORTS_MACCATALYST = NO;
				SUPPORTS_MAC_DESIGNED_FOR_IPHONE_IPAD = NO;
				SUPPORTS_XR_DESIGNED_FOR_IPHONE_IPAD = NO;
				SWIFT_EMIT_LOC_STRINGS = YES;
				SWIFT_VERSION = 5.0;
				TARGETED_DEVICE_FAMILY = 1;
			};
			name = Release;
		};
		B22856A82CCAA02500526C6F /* Debug */ = {
			isa = XCBuildConfiguration;
			baseConfigurationReference = 022F88A35510889B5F74AE1D /* Pods-ProjectDemoTests.debug.xcconfig */;
			buildSettings = {
				ALWAYS_EMBED_SWIFT_STANDARD_LIBRARIES = YES;
				BUNDLE_LOADER = "$(TEST_HOST)";
				CODE_SIGN_STYLE = Automatic;
				CURRENT_PROJECT_VERSION = 1;
				DEVELOPMENT_TEAM = DUR5L9S48S;
				GENERATE_INFOPLIST_FILE = YES;
				IPHONEOS_DEPLOYMENT_TARGET = 14.0;
				MARKETING_VERSION = 1.0;
				PRODUCT_BUNDLE_IDENTIFIER = com.manhhung.ProjectDemoTests;
				PRODUCT_NAME = "$(TARGET_NAME)";
				SUPPORTED_PLATFORMS = "iphoneos iphonesimulator";
				SUPPORTS_MACCATALYST = NO;
				SUPPORTS_MAC_DESIGNED_FOR_IPHONE_IPAD = NO;
				SUPPORTS_XR_DESIGNED_FOR_IPHONE_IPAD = NO;
				SWIFT_EMIT_LOC_STRINGS = NO;
				SWIFT_VERSION = 5.0;
				TARGETED_DEVICE_FAMILY = 1;
				TEST_HOST = "$(BUILT_PRODUCTS_DIR)/ProjectDemo.app/$(BUNDLE_EXECUTABLE_FOLDER_PATH)/ProjectDemo";
			};
			name = Debug;
		};
		B22856A92CCAA02500526C6F /* Release */ = {
			isa = XCBuildConfiguration;
			baseConfigurationReference = 340DEA3DB7B751193BF3E4C4 /* Pods-ProjectDemoTests.release.xcconfig */;
			buildSettings = {
				ALWAYS_EMBED_SWIFT_STANDARD_LIBRARIES = YES;
				BUNDLE_LOADER = "$(TEST_HOST)";
				CODE_SIGN_STYLE = Automatic;
				CURRENT_PROJECT_VERSION = 1;
				DEVELOPMENT_TEAM = DUR5L9S48S;
				GENERATE_INFOPLIST_FILE = YES;
				IPHONEOS_DEPLOYMENT_TARGET = 14.0;
				MARKETING_VERSION = 1.0;
				PRODUCT_BUNDLE_IDENTIFIER = com.manhhung.ProjectDemoTests;
				PRODUCT_NAME = "$(TARGET_NAME)";
				SUPPORTED_PLATFORMS = "iphoneos iphonesimulator";
				SUPPORTS_MACCATALYST = NO;
				SUPPORTS_MAC_DESIGNED_FOR_IPHONE_IPAD = NO;
				SUPPORTS_XR_DESIGNED_FOR_IPHONE_IPAD = NO;
				SWIFT_EMIT_LOC_STRINGS = NO;
				SWIFT_VERSION = 5.0;
				TARGETED_DEVICE_FAMILY = 1;
				TEST_HOST = "$(BUILT_PRODUCTS_DIR)/ProjectDemo.app/$(BUNDLE_EXECUTABLE_FOLDER_PATH)/ProjectDemo";
			};
			name = Release;
		};
/* End XCBuildConfiguration section */

/* Begin XCConfigurationList section */
		B22856752CCAA02400526C6F /* Build configuration list for PBXProject "ProjectDemo" */ = {
			isa = XCConfigurationList;
			buildConfigurations = (
				B22856A22CCAA02500526C6F /* Debug */,
				B22856A32CCAA02500526C6F /* Release */,
			);
			defaultConfigurationIsVisible = 0;
			defaultConfigurationName = Release;
		};
		B22856A42CCAA02500526C6F /* Build configuration list for PBXNativeTarget "ProjectDemo" */ = {
			isa = XCConfigurationList;
			buildConfigurations = (
				B22856A52CCAA02500526C6F /* Debug */,
				B22856A62CCAA02500526C6F /* Release */,
			);
			defaultConfigurationIsVisible = 0;
			defaultConfigurationName = Release;
		};
		B22856A72CCAA02500526C6F /* Build configuration list for PBXNativeTarget "ProjectDemoTests" */ = {
			isa = XCConfigurationList;
			buildConfigurations = (
				B22856A82CCAA02500526C6F /* Debug */,
				B22856A92CCAA02500526C6F /* Release */,
			);
			defaultConfigurationIsVisible = 0;
			defaultConfigurationName = Release;
		};
/* End XCConfigurationList section */
	};
	rootObject = B22856722CCAA02400526C6F /* Project object */;
}
